{
  "name": "@ionic/vue",
  "version": "0.1.0",
  "lockfileVersion": 1,
  "requires": true,
  "dependencies": {
    "@babel/helper-validator-identifier": {
      "version": "7.10.4",
      "resolved": "https://registry.npmjs.org/@babel/helper-validator-identifier/-/helper-validator-identifier-7.10.4.tgz",
      "integrity": "sha512-3U9y+43hz7ZM+rzG24Qe2mufW5KhvFg/NhnNph+i9mgCtdTCtMJuI1TMkrIUiK7Ix4PYlRF9I5dhqaLYA/ADXw==",
      "dev": true
    },
    "@babel/parser": {
      "version": "7.10.4",
      "resolved": "https://registry.npmjs.org/@babel/parser/-/parser-7.10.4.tgz",
      "integrity": "sha512-8jHII4hf+YVDsskTF6WuMB3X4Eh+PsUkC2ljq22so5rHvH+T8BzyL94VOdyFLNR8tBSVXOTbNHOKpR4TfRxVtA==",
      "dev": true
    },
    "@babel/types": {
      "version": "7.10.4",
      "resolved": "https://registry.npmjs.org/@babel/types/-/types-7.10.4.tgz",
      "integrity": "sha512-UTCFOxC3FsFHb7lkRMVvgLzaRVamXuAs2Tz4wajva4WxtVY82eZeaUBtC2Zt95FU9TiznuC0Zk35tsim8jeVpg==",
      "dev": true,
      "requires": {
        "@babel/helper-validator-identifier": "^7.10.4",
        "lodash": "^4.17.13",
        "to-fast-properties": "^2.0.0"
      }
    },
    "@stencil/core": {
      "version": "1.16.0",
      "resolved": "https://registry.npmjs.org/@stencil/core/-/core-1.16.0.tgz",
      "integrity": "sha512-wxZD1YYz/j+7L4XRdEw6yO4HHP6iDa3sCGPQ576lx51szPE9+4RBhpzp5ZMf07j/zkFATtbHu2Q4yuc6QNy5cQ==",
      "dev": true,
      "requires": {
        "typescript": "3.9.6"
      }
    },
    "@vue/compiler-core": {
      "version": "3.0.0-beta.19",
      "resolved": "https://registry.npmjs.org/@vue/compiler-core/-/compiler-core-3.0.0-beta.19.tgz",
      "integrity": "sha512-GWOJGDn3Ci/dJfiIkE1lBNXYrWhCe+j8tcTGVctriBF0d7ciWZ1G4r65SidYgwrvv9QpbroR5YVSv2XnOEwqHQ==",
      "dev": true,
      "requires": {
        "@babel/parser": "^7.8.6",
        "@babel/types": "^7.8.6",
        "@vue/shared": "3.0.0-beta.19",
        "estree-walker": "^0.8.1",
        "source-map": "^0.6.1"
      }
    },
    "@vue/compiler-dom": {
      "version": "3.0.0-beta.19",
      "resolved": "https://registry.npmjs.org/@vue/compiler-dom/-/compiler-dom-3.0.0-beta.19.tgz",
      "integrity": "sha512-0OEKbtfmPwNoRE06TqOmg2xih/Sv+Hh10r7oZRLFQBYmf1+vW2E5UTCQaMCVKRQs3Tip3b0OaXzSvOp6tU4iHw==",
      "dev": true,
      "requires": {
        "@vue/compiler-core": "3.0.0-beta.19",
        "@vue/shared": "3.0.0-beta.19"
      }
    },
    "@vue/reactivity": {
      "version": "3.0.0-beta.19",
      "resolved": "https://registry.npmjs.org/@vue/reactivity/-/reactivity-3.0.0-beta.19.tgz",
      "integrity": "sha512-wmETY5JisjnML08W5Kgu1ABoREJT5lbvIDJ+88O/imBIqErQTe4lGvfm2v10XXY/Kon96z/XORUoDUqFW7juCA==",
      "dev": true,
      "requires": {
        "@vue/shared": "3.0.0-beta.19"
      }
    },
    "@vue/runtime-core": {
      "version": "3.0.0-beta.19",
      "resolved": "https://registry.npmjs.org/@vue/runtime-core/-/runtime-core-3.0.0-beta.19.tgz",
      "integrity": "sha512-m7ggf7QBwExfXl7JMfg++J9VBVkLNxsor0L67KNH4D/15r8aQFWvZ7QNXvSQb5v8Q18P5/+j0w+CWT/K3/jFVA==",
      "dev": true,
      "requires": {
        "@vue/reactivity": "3.0.0-beta.19",
        "@vue/shared": "3.0.0-beta.19"
      }
    },
    "@vue/runtime-dom": {
      "version": "3.0.0-beta.19",
      "resolved": "https://registry.npmjs.org/@vue/runtime-dom/-/runtime-dom-3.0.0-beta.19.tgz",
      "integrity": "sha512-kv+68vPKYKviWsc5Qc+C6n3zMSkwpWxB6LnSjI+jV6DtvS7eNziECyj+K5AFJ7xI02mc7FEWkYJFkEh26VFupw==",
      "dev": true,
      "requires": {
        "@vue/runtime-core": "3.0.0-beta.19",
        "@vue/shared": "3.0.0-beta.19",
        "csstype": "^2.6.8"
      }
    },
    "@vue/shared": {
      "version": "3.0.0-beta.19",
      "resolved": "https://registry.npmjs.org/@vue/shared/-/shared-3.0.0-beta.19.tgz",
      "integrity": "sha512-LDW+oDcVFoFHCR8V2vkOz+s/GZUtu9Wi3W5IwsFgTaV62YfCBF1gT57Ee1PAawDnMvzg86UhMkBaLIUly9waRw==",
      "dev": true
    },
    "csstype": {
      "version": "2.6.11",
      "resolved": "https://registry.npmjs.org/csstype/-/csstype-2.6.11.tgz",
      "integrity": "sha512-l8YyEC9NBkSm783PFTvh0FmJy7s5pFKrDp49ZL7zBGX3fWkO+N4EEyan1qqp8cwPLDcD0OSdyY6hAMoxp34JFw==",
      "dev": true
    },
    "estree-walker": {
      "version": "0.8.1",
      "resolved": "https://registry.npmjs.org/estree-walker/-/estree-walker-0.8.1.tgz",
      "integrity": "sha512-H6cJORkqvrNziu0KX2hqOMAlA2CiuAxHeGJXSIoKA/KLv229Dw806J3II6mKTm5xiDX1At1EXCfsOQPB+tMB+g==",
      "dev": true
    },
    "lodash": {
      "version": "4.17.15",
      "resolved": "https://registry.npmjs.org/lodash/-/lodash-4.17.15.tgz",
      "integrity": "sha512-8xOcRHvCjnocdS5cpwXQXVzmmh5e5+saE2QGoeQmbKmRS6J3VQppPOIt0MnmE+4xlZoumy0GPG0D0MVIQbNA1A==",
      "dev": true
    },
    "source-map": {
      "version": "0.6.1",
      "resolved": "https://registry.npmjs.org/source-map/-/source-map-0.6.1.tgz",
      "integrity": "sha512-UjgapumWlbMhkBgzT7Ykc5YXUT46F0iKu8SGXq0bcwP5dz/h0Plj6enJqjz1Zbq2l5WaqYnrVbwWOWMyF3F47g==",
      "dev": true
    },
    "to-fast-properties": {
      "version": "2.0.0",
      "resolved": "https://registry.npmjs.org/to-fast-properties/-/to-fast-properties-2.0.0.tgz",
      "integrity": "sha1-3F5pjL0HkmW8c+A3doGk5Og/YW4=",
      "dev": true
    },
    "typescript": {
      "version": "3.9.6",
      "resolved": "https://registry.npmjs.org/typescript/-/typescript-3.9.6.tgz",
      "integrity": "sha512-Pspx3oKAPJtjNwE92YS05HQoY7z2SFyOpHo9MqJor3BXAGNaPUs83CuVp9VISFkSjyRfiTpmKuAYGJB7S7hOxw==",
      "dev": true
    },
    "vue": {
      "version": "3.0.0-beta.19",
      "resolved": "https://registry.npmjs.org/vue/-/vue-3.0.0-beta.19.tgz",
      "integrity": "sha512-Sc6evIGfIXpKM/TsF4Fj0EGMd2fx88Flu9zdbR7BO9oorTukJqvBZCtORhPOl1jw8Dfmshc+oNg1SIW1BI6sUQ==",
      "dev": true,
      "requires": {
        "@vue/compiler-dom": "3.0.0-beta.19",
        "@vue/runtime-dom": "3.0.0-beta.19",
        "@vue/shared": "3.0.0-beta.19"
      }
    }
  }
}
