{
  "name": "@ionic/vue-router",
  "version": "0.3.1",
  "lockfileVersion": 1,
  "requires": true,
  "dependencies": {
    "@babel/helper-validator-identifier": {
      "version": "7.10.4",
      "resolved": "https://registry.npmjs.org/@babel/helper-validator-identifier/-/helper-validator-identifier-7.10.4.tgz",
      "integrity": "sha512-3U9y+43hz7ZM+rzG24Qe2mufW5KhvFg/NhnNph+i9mgCtdTCtMJuI1TMkrIUiK7Ix4PYlRF9I5dhqaLYA/ADXw==",
      "dev": true
    },
    "@babel/parser": {
      "version": "7.11.5",
      "resolved": "https://registry.npmjs.org/@babel/parser/-/parser-7.11.5.tgz",
      "integrity": "sha512-X9rD8qqm695vgmeaQ4fvz/o3+Wk4ZzQvSHkDBgpYKxpD4qTAUm88ZKtHkVqIOsYFFbIQ6wQYhC6q7pjqVK0E0Q==",
      "dev": true
    },
    "@babel/runtime": {
      "version": "7.11.2",
      "resolved": "https://registry.npmjs.org/@babel/runtime/-/runtime-7.11.2.tgz",
      "integrity": "sha512-TeWkU52so0mPtDcaCTxNBI/IHiz0pZgr8VEFqXFtZWpYD08ZB6FaSwVAS8MKRQAP3bYKiVjwysOJgMFY28o6Tw==",
      "dev": true,
      "requires": {
        "regenerator-runtime": "^0.13.4"
      }
    },
    "@babel/types": {
      "version": "7.11.5",
      "resolved": "https://registry.npmjs.org/@babel/types/-/types-7.11.5.tgz",
      "integrity": "sha512-bvM7Qz6eKnJVFIn+1LPtjlBFPVN5jNDc1XmN15vWe7Q3DPBufWWsLiIvUu7xW87uTG6QoggpIDnUgLQvPheU+Q==",
      "dev": true,
      "requires": {
        "@babel/helper-validator-identifier": "^7.10.4",
        "lodash": "^4.17.19",
        "to-fast-properties": "^2.0.0"
      }
    },
    "@hapi/address": {
      "version": "2.1.4",
      "resolved": "https://registry.npmjs.org/@hapi/address/-/address-2.1.4.tgz",
      "integrity": "sha512-QD1PhQk+s31P1ixsX0H0Suoupp3VMXzIVMSwobR3F3MSUO2YCV0B7xqLcUw/Bh8yuvd3LhpyqLQWTNcRmp6IdQ==",
      "dev": true
    },
    "@hapi/bourne": {
      "version": "1.3.2",
      "resolved": "https://registry.npmjs.org/@hapi/bourne/-/bourne-1.3.2.tgz",
      "integrity": "sha512-1dVNHT76Uu5N3eJNTYcvxee+jzX4Z9lfciqRRHCU27ihbUcYi+iSc2iml5Ke1LXe1SyJCLA0+14Jh4tXJgOppA==",
      "dev": true
    },
    "@hapi/hoek": {
      "version": "8.5.1",
      "resolved": "https://registry.npmjs.org/@hapi/hoek/-/hoek-8.5.1.tgz",
      "integrity": "sha512-yN7kbciD87WzLGc5539Tn0sApjyiGHAJgKvG9W8C7O+6c7qmoQMfVs0W4bX17eqz6C78QJqqFrtgdK5EWf6Qow==",
      "dev": true
    },
    "@hapi/joi": {
      "version": "15.1.1",
      "resolved": "https://registry.npmjs.org/@hapi/joi/-/joi-15.1.1.tgz",
      "integrity": "sha512-entf8ZMOK8sc+8YfeOlM8pCfg3b5+WZIKBfUaaJT8UsjAAPjartzxIYm3TIbjvA4u+u++KbcXD38k682nVHDAQ==",
      "dev": true,
      "requires": {
        "@hapi/address": "2.x.x",
        "@hapi/bourne": "1.x.x",
        "@hapi/hoek": "8.x.x",
        "@hapi/topo": "3.x.x"
      }
    },
    "@hapi/topo": {
      "version": "3.1.6",
      "resolved": "https://registry.npmjs.org/@hapi/topo/-/topo-3.1.6.tgz",
      "integrity": "sha512-tAag0jEcjwH+P2quUfipd7liWCNX2F8NvYjQp2wtInsZxnMlypdw0FtAOLxtvvkO+GSRRbmNi8m/5y42PQJYCQ==",
      "dev": true,
      "requires": {
        "@hapi/hoek": "^8.3.0"
      }
    },
    "@ionic/core": {
      "version": "0.2.0-5",
      "resolved": "https://registry.npmjs.org/@ionic/core/-/core-0.2.0-5.tgz",
      "integrity": "sha512-6G26jBbk0HOEbGqvgtTp/x4CrjWPLp0sQoTbeUkoJC5qHgs8rQbt77wJjbja6iSQbMGZIQQc1gLDviVQoaY9EA==",
      "dev": true,
      "requires": {
        "ionicons": "^5.1.2",
        "tslib": "^1.10.0"
      }
    },
    "@ionic/vue": {
      "version": "0.2.0-5",
      "resolved": "https://registry.npmjs.org/@ionic/vue/-/vue-0.2.0-5.tgz",
      "integrity": "sha512-NYMFmWRPmCnm4oEdsEJajs4lg8OTTM7ICSxAJRnWyO4pf/6UFlWQvCpHW7MaWcQB7wpeqYkQkg7bSFQXiAZt2g==",
      "dev": true,
      "requires": {
        "@ionic/core": "0.2.0-5",
        "ionicons": "^5.1.2"
      }
    },
    "@vue/compiler-core": {
      "version": "3.0.0-rc.10",
      "resolved": "https://registry.npmjs.org/@vue/compiler-core/-/compiler-core-3.0.0-rc.10.tgz",
      "integrity": "sha512-kQzHzRsM0NPAWHeqSTb2J4VsHhjRkGeLTsGzeMnW+sojgTnS3T94KacwvYgVS4qeZAKiDq0bMNZoJWrHVQ3T8g==",
      "dev": true,
      "requires": {
        "@babel/parser": "^7.10.4",
        "@babel/types": "^7.10.4",
        "@vue/shared": "3.0.0-rc.10",
        "estree-walker": "^2.0.1",
        "source-map": "^0.6.1"
      }
    },
    "@vue/compiler-dom": {
      "version": "3.0.0-rc.10",
      "resolved": "https://registry.npmjs.org/@vue/compiler-dom/-/compiler-dom-3.0.0-rc.10.tgz",
      "integrity": "sha512-pqIUf5leZm0P9379utrRSVBMxhV8XaqJTEFFp5etCtbEa/H5ALs29EjFMtMcm9sQaVkZlKLu86mgIacbYB9Q3w==",
      "dev": true,
      "requires": {
        "@vue/compiler-core": "3.0.0-rc.10",
        "@vue/shared": "3.0.0-rc.10"
      }
    },
    "@vue/reactivity": {
      "version": "3.0.0-rc.10",
      "resolved": "https://registry.npmjs.org/@vue/reactivity/-/reactivity-3.0.0-rc.10.tgz",
      "integrity": "sha512-mkUZfOJlbqGZx2cARmhCs5r2+xLJPL7VFNagmlA3Fd66ZXBc3ZvTQdYsY4VUbYJFe5ByIzqu9TZiAkzXY+JVaA==",
      "dev": true,
      "requires": {
        "@vue/shared": "3.0.0-rc.10"
      }
    },
    "@vue/runtime-core": {
      "version": "3.0.0-rc.10",
      "resolved": "https://registry.npmjs.org/@vue/runtime-core/-/runtime-core-3.0.0-rc.10.tgz",
      "integrity": "sha512-VK/kq4gDDoqZ45CVwdbLLpikXLYLCt6YLhdgXX3fhf20gvPqrbEZv1ZNLruNnhhTpf9cLyU4tZ18DHeaUYPziw==",
      "dev": true,
      "requires": {
        "@vue/reactivity": "3.0.0-rc.10",
        "@vue/shared": "3.0.0-rc.10"
      }
    },
    "@vue/runtime-dom": {
      "version": "3.0.0-rc.10",
      "resolved": "https://registry.npmjs.org/@vue/runtime-dom/-/runtime-dom-3.0.0-rc.10.tgz",
      "integrity": "sha512-bH4GuneHt3FQ+/21jba5orM/CO9N1cnT7J3wtrxopFJ4/4H5cvHXyG6v+ZVTu1d733Ij/6yMRA7xbtfi9a4zJw==",
      "dev": true,
      "requires": {
        "@vue/runtime-core": "3.0.0-rc.10",
        "@vue/shared": "3.0.0-rc.10",
        "csstype": "^2.6.8"
      }
    },
    "@vue/shared": {
      "version": "3.0.0-rc.10",
      "resolved": "https://registry.npmjs.org/@vue/shared/-/shared-3.0.0-rc.10.tgz",
      "integrity": "sha512-fI6gVhhgb3cAmEkY4oeVVA2hWZ2xvkgogHdBI5PL7gSvZnOB6XZ2eQGsYjC4W+7BegvEkoMBuZsFXVa4ZQ07XQ==",
      "dev": true
    },
    "babel-extract-comments": {
      "version": "1.0.0",
      "resolved": "https://registry.npmjs.org/babel-extract-comments/-/babel-extract-comments-1.0.0.tgz",
      "integrity": "sha512-qWWzi4TlddohA91bFwgt6zO/J0X+io7Qp184Fw0m2JYRSTZnJbFR8+07KmzudHCZgOiKRCrjhylwv9Xd8gfhVQ==",
      "dev": true,
      "requires": {
        "babylon": "^6.18.0"
      }
    },
    "babel-plugin-syntax-object-rest-spread": {
      "version": "6.13.0",
      "resolved": "https://registry.npmjs.org/babel-plugin-syntax-object-rest-spread/-/babel-plugin-syntax-object-rest-spread-6.13.0.tgz",
      "integrity": "sha1-/WU28rzhODb/o6VFjEkDpZe7O/U=",
      "dev": true
    },
    "babel-plugin-transform-object-rest-spread": {
      "version": "6.26.0",
      "resolved": "https://registry.npmjs.org/babel-plugin-transform-object-rest-spread/-/babel-plugin-transform-object-rest-spread-6.26.0.tgz",
      "integrity": "sha1-DzZpLVD+9rfi1LOsFHgTepY7ewY=",
      "dev": true,
      "requires": {
        "babel-plugin-syntax-object-rest-spread": "^6.8.0",
        "babel-runtime": "^6.26.0"
      }
    },
    "babel-runtime": {
      "version": "6.26.0",
      "resolved": "https://registry.npmjs.org/babel-runtime/-/babel-runtime-6.26.0.tgz",
      "integrity": "sha1-llxwWGaOgrVde/4E/yM3vItWR/4=",
      "dev": true,
      "requires": {
        "core-js": "^2.4.0",
        "regenerator-runtime": "^0.11.0"
      },
      "dependencies": {
        "regenerator-runtime": {
          "version": "0.11.1",
          "resolved": "https://registry.npmjs.org/regenerator-runtime/-/regenerator-runtime-0.11.1.tgz",
          "integrity": "sha512-MguG95oij0fC3QV3URf4V2SDYGJhJnJGqvIIgdECeODCT98wSWDAJ94SSuVpYQUoTcGUIL6L4yNB7j1DFFHSBg==",
          "dev": true
        }
      }
    },
    "babylon": {
      "version": "6.18.0",
      "resolved": "https://registry.npmjs.org/babylon/-/babylon-6.18.0.tgz",
      "integrity": "sha512-q/UEjfGJ2Cm3oKV71DJz9d25TPnq5rhBVL2Q4fA5wcC3jcrdn7+SssEybFIxwAvvP+YCsCYNKughoF33GxgycQ==",
      "dev": true
    },
    "balanced-match": {
      "version": "1.0.0",
      "resolved": "https://registry.npmjs.org/balanced-match/-/balanced-match-1.0.0.tgz",
      "integrity": "sha1-ibTRmasr7kneFk6gK4nORi1xt2c=",
      "dev": true
    },
    "brace-expansion": {
      "version": "1.1.11",
      "resolved": "https://registry.npmjs.org/brace-expansion/-/brace-expansion-1.1.11.tgz",
      "integrity": "sha512-iCuPHDFgrHX7H2vEI/5xpz07zSHB00TpugqhmYtVmMO6518mCuRMoOYFldEBl0g187ufozdaHgWKcYFb61qGiA==",
      "dev": true,
      "requires": {
        "balanced-match": "^1.0.0",
        "concat-map": "0.0.1"
      }
    },
    "common-tags": {
      "version": "1.8.0",
      "resolved": "https://registry.npmjs.org/common-tags/-/common-tags-1.8.0.tgz",
      "integrity": "sha512-6P6g0uetGpW/sdyUy/iQQCbFF0kWVMSIVSyYz7Zgjcgh8mgw8PQzDNZeyZ5DQ2gM7LBoZPHmnjz8rUthkBG5tw==",
      "dev": true
    },
    "concat-map": {
      "version": "0.0.1",
      "resolved": "https://registry.npmjs.org/concat-map/-/concat-map-0.0.1.tgz",
      "integrity": "sha1-2Klr13/Wjfd5OnMDajug1UBdR3s=",
      "dev": true
    },
    "core-js": {
      "version": "2.6.11",
      "resolved": "https://registry.npmjs.org/core-js/-/core-js-2.6.11.tgz",
      "integrity": "sha512-5wjnpaT/3dV+XB4borEsnAYQchn00XSgTAWKDkEqv+K8KevjbzmofK6hfJ9TZIlpj2N0xQpazy7PiRQiWHqzWg==",
      "dev": true
    },
    "csstype": {
      "version": "2.6.13",
      "resolved": "https://registry.npmjs.org/csstype/-/csstype-2.6.13.tgz",
      "integrity": "sha512-ul26pfSQTZW8dcOnD2iiJssfXw0gdNVX9IJDH/X3K5DGPfj+fUYe3kB+swUY6BF3oZDxaID3AJt+9/ojSAE05A==",
      "dev": true
    },
    "estree-walker": {
      "version": "2.0.1",
      "resolved": "https://registry.npmjs.org/estree-walker/-/estree-walker-2.0.1.tgz",
      "integrity": "sha512-tF0hv+Yi2Ot1cwj9eYHtxC0jB9bmjacjQs6ZBTj82H8JwUywFuc+7E83NWfNMwHXZc11mjfFcVXPe9gEP4B8dg==",
      "dev": true
    },
    "fs-extra": {
      "version": "4.0.3",
      "resolved": "https://registry.npmjs.org/fs-extra/-/fs-extra-4.0.3.tgz",
      "integrity": "sha512-q6rbdDd1o2mAnQreO7YADIxf/Whx4AHBiRf6d+/cVT8h44ss+lHgxf1FemcqDnQt9X3ct4McHr+JMGlYSsK7Cg==",
      "dev": true,
      "requires": {
        "graceful-fs": "^4.1.2",
        "jsonfile": "^4.0.0",
        "universalify": "^0.1.0"
      }
    },
    "fs.realpath": {
      "version": "1.0.0",
      "resolved": "https://registry.npmjs.org/fs.realpath/-/fs.realpath-1.0.0.tgz",
      "integrity": "sha1-FQStJSMVjKpA20onh8sBQRmU6k8=",
      "dev": true
    },
    "fsevents": {
      "version": "2.1.3",
      "resolved": "https://registry.npmjs.org/fsevents/-/fsevents-2.1.3.tgz",
      "integrity": "sha512-Auw9a4AxqWpa9GUfj370BMPzzyncfBABW8Mab7BGWBYDj4Isgq+cDKtx0i6u9jcX9pQDnswsaaOTgTmA5pEjuQ==",
      "dev": true,
      "optional": true
    },
    "get-own-enumerable-property-symbols": {
      "version": "3.0.2",
      "resolved": "https://registry.npmjs.org/get-own-enumerable-property-symbols/-/get-own-enumerable-property-symbols-3.0.2.tgz",
      "integrity": "sha512-I0UBV/XOz1XkIJHEUDMZAbzCThU/H8DxmSfmdGcKPnVhu2VfFqr34jr9777IyaTYvxjedWhqVIilEDsCdP5G6g==",
      "dev": true
    },
    "glob": {
      "version": "7.1.6",
      "resolved": "https://registry.npmjs.org/glob/-/glob-7.1.6.tgz",
      "integrity": "sha512-LwaxwyZ72Lk7vZINtNNrywX0ZuLyStrdDtabefZKAY5ZGJhVtgdznluResxNmPitE0SAO+O26sWTHeKSI2wMBA==",
      "dev": true,
      "requires": {
        "fs.realpath": "^1.0.0",
        "inflight": "^1.0.4",
        "inherits": "2",
        "minimatch": "^3.0.4",
        "once": "^1.3.0",
        "path-is-absolute": "^1.0.0"
      }
    },
    "graceful-fs": {
      "version": "4.2.4",
      "resolved": "https://registry.npmjs.org/graceful-fs/-/graceful-fs-4.2.4.tgz",
      "integrity": "sha512-WjKPNJF79dtJAVniUlGGWHYGz2jWxT6VhN/4m1NdkbZ2nOsEF+cI1Edgql5zCRhs/VsQYRvrXctxktVXZUkixw==",
      "dev": true
    },
    "inflight": {
      "version": "1.0.6",
      "resolved": "https://registry.npmjs.org/inflight/-/inflight-1.0.6.tgz",
      "integrity": "sha1-Sb1jMdfQLQwJvJEKEHW6gWW1bfk=",
      "dev": true,
      "requires": {
        "once": "^1.3.0",
        "wrappy": "1"
      }
    },
    "inherits": {
      "version": "2.0.4",
      "resolved": "https://registry.npmjs.org/inherits/-/inherits-2.0.4.tgz",
      "integrity": "sha512-k/vGaX4/Yla3WzyMCvTQOXYeIHvqOKtnqBduzTHpzpQZzAskKMhZ2K+EnBiSM9zGSoIFeMpXKxa4dYeZIQqewQ==",
      "dev": true
    },
    "ionicons": {
      "version": "5.1.2",
      "resolved": "https://registry.npmjs.org/ionicons/-/ionicons-5.1.2.tgz",
      "integrity": "sha512-zO7ZgbBbXhpA7cXO2rDzTNdcCqErjg1Sprq/ossTvaiV0MriOjRE7JO3EGvYjDTPzF9YALGpvLXqCgsRT0tprA==",
      "dev": true
    },
    "is-obj": {
      "version": "1.0.1",
      "resolved": "https://registry.npmjs.org/is-obj/-/is-obj-1.0.1.tgz",
      "integrity": "sha1-PkcprB9f3gJc19g6iW2rn09n2w8=",
      "dev": true
    },
    "is-regexp": {
      "version": "1.0.0",
      "resolved": "https://registry.npmjs.org/is-regexp/-/is-regexp-1.0.0.tgz",
      "integrity": "sha1-/S2INUXEa6xaYz57mgnof6LLUGk=",
      "dev": true
    },
    "jsonfile": {
      "version": "4.0.0",
      "resolved": "https://registry.npmjs.org/jsonfile/-/jsonfile-4.0.0.tgz",
      "integrity": "sha1-h3Gq4HmbZAdrdmQPygWPnBDjPss=",
      "dev": true,
      "requires": {
        "graceful-fs": "^4.1.6"
      }
    },
    "lodash": {
      "version": "4.17.20",
      "resolved": "https://registry.npmjs.org/lodash/-/lodash-4.17.20.tgz",
      "integrity": "sha512-PlhdFcillOINfeV7Ni6oF1TAEayyZBoZ8bcshTHqOYJYlrqzRK5hagpagky5o4HfCzzd1TRkXPMFq6cKk9rGmA==",
      "dev": true
    },
    "lodash._reinterpolate": {
      "version": "3.0.0",
      "resolved": "https://registry.npmjs.org/lodash._reinterpolate/-/lodash._reinterpolate-3.0.0.tgz",
      "integrity": "sha1-DM8tiRZq8Ds2Y8eWU4t1rG4RTZ0=",
      "dev": true
    },
    "lodash.template": {
      "version": "4.5.0",
      "resolved": "https://registry.npmjs.org/lodash.template/-/lodash.template-4.5.0.tgz",
      "integrity": "sha512-84vYFxIkmidUiFxidA/KjjH9pAycqW+h980j7Fuz5qxRtO9pgB7MDFTdys1N7A5mcucRiDyEq4fusljItR1T/A==",
      "dev": true,
      "requires": {
        "lodash._reinterpolate": "^3.0.0",
        "lodash.templatesettings": "^4.0.0"
      }
    },
    "lodash.templatesettings": {
      "version": "4.2.0",
      "resolved": "https://registry.npmjs.org/lodash.templatesettings/-/lodash.templatesettings-4.2.0.tgz",
      "integrity": "sha512-stgLz+i3Aa9mZgnjr/O+v9ruKZsPsndy7qPZOchbqk2cnTU1ZaldKK+v7m54WoKIyxiuMZTKT2H81F8BeAc3ZQ==",
      "dev": true,
      "requires": {
        "lodash._reinterpolate": "^3.0.0"
      }
    },
    "minimatch": {
      "version": "3.0.4",
      "resolved": "https://registry.npmjs.org/minimatch/-/minimatch-3.0.4.tgz",
      "integrity": "sha512-yJHVQEhyqPLUTgt9B83PXu6W3rx4MvvHvSUvToogpwoGDOUQ+yDrR0HRot+yOCdCO7u4hX3pWft6kWBBcqh0UA==",
      "dev": true,
      "requires": {
        "brace-expansion": "^1.1.7"
      }
    },
    "once": {
      "version": "1.4.0",
      "resolved": "https://registry.npmjs.org/once/-/once-1.4.0.tgz",
      "integrity": "sha1-WDsap3WWHUsROsF9nFC6753Xa9E=",
      "dev": true,
      "requires": {
        "wrappy": "1"
      }
    },
    "path-is-absolute": {
      "version": "1.0.1",
      "resolved": "https://registry.npmjs.org/path-is-absolute/-/path-is-absolute-1.0.1.tgz",
      "integrity": "sha1-F0uSaHNVNP+8es5r9TpanhtcX18=",
      "dev": true
    },
    "pretty-bytes": {
      "version": "5.4.1",
      "resolved": "https://registry.npmjs.org/pretty-bytes/-/pretty-bytes-5.4.1.tgz",
      "integrity": "sha512-s1Iam6Gwz3JI5Hweaz4GoCD1WUNUIyzePFy5+Js2hjwGVt2Z79wNN+ZKOZ2vB6C+Xs6njyB84Z1IthQg8d9LxA==",
      "dev": true
    },
    "regenerator-runtime": {
      "version": "0.13.7",
      "resolved": "https://registry.npmjs.org/regenerator-runtime/-/regenerator-runtime-0.13.7.tgz",
      "integrity": "sha512-a54FxoJDIr27pgf7IgeQGxmqUNYrcV338lf/6gH456HZ/PhX+5BcwHXG9ajESmwe6WRO0tAzRUrRmNONWgkrew==",
      "dev": true
    },
    "rimraf": {
      "version": "3.0.2",
      "resolved": "https://registry.npmjs.org/rimraf/-/rimraf-3.0.2.tgz",
      "integrity": "sha512-JZkJMZkAGFFPP2YqXZXPbMlMBgsxzE8ILs4lMIX/2o0L9UBw9O/Y3o6wFw/i9YLapcUJWwqbi3kdxIPdC62TIA==",
      "dev": true,
      "requires": {
        "glob": "^7.1.3"
      }
    },
    "rollup": {
      "version": "2.26.11",
      "resolved": "https://registry.npmjs.org/rollup/-/rollup-2.26.11.tgz",
      "integrity": "sha512-xyfxxhsE6hW57xhfL1I+ixH8l2bdoIMaAecdQiWF3N7IgJEMu99JG+daBiSZQjnBpzFxa0/xZm+3pbCdAQehHw==",
      "dev": true,
      "requires": {
        "fsevents": "~2.1.2"
      }
    },
    "source-map": {
      "version": "0.6.1",
      "resolved": "https://registry.npmjs.org/source-map/-/source-map-0.6.1.tgz",
      "integrity": "sha512-UjgapumWlbMhkBgzT7Ykc5YXUT46F0iKu8SGXq0bcwP5dz/h0Plj6enJqjz1Zbq2l5WaqYnrVbwWOWMyF3F47g==",
      "dev": true
    },
    "stringify-object": {
      "version": "3.3.0",
      "resolved": "https://registry.npmjs.org/stringify-object/-/stringify-object-3.3.0.tgz",
      "integrity": "sha512-rHqiFh1elqCQ9WPLIC8I0Q/g/wj5J1eMkyoiD6eoQApWHP0FtlK7rqnhmabL5VUY9JQCcqwwvlOaSuutekgyrw==",
      "dev": true,
      "requires": {
        "get-own-enumerable-property-symbols": "^3.0.0",
        "is-obj": "^1.0.1",
        "is-regexp": "^1.0.0"
      }
    },
    "strip-comments": {
      "version": "1.0.2",
      "resolved": "https://registry.npmjs.org/strip-comments/-/strip-comments-1.0.2.tgz",
      "integrity": "sha512-kL97alc47hoyIQSV165tTt9rG5dn4w1dNnBhOQ3bOU1Nc1hel09jnXANaHJ7vzHLd4Ju8kseDGzlev96pghLFw==",
      "dev": true,
      "requires": {
        "babel-extract-comments": "^1.0.0",
        "babel-plugin-transform-object-rest-spread": "^6.26.0"
      }
    },
    "to-fast-properties": {
      "version": "2.0.0",
      "resolved": "https://registry.npmjs.org/to-fast-properties/-/to-fast-properties-2.0.0.tgz",
      "integrity": "sha1-3F5pjL0HkmW8c+A3doGk5Og/YW4=",
      "dev": true
    },
    "tslib": {
      "version": "1.13.0",
      "resolved": "https://registry.npmjs.org/tslib/-/tslib-1.13.0.tgz",
      "integrity": "sha512-i/6DQjL8Xf3be4K/E6Wgpekn5Qasl1usyw++dAA35Ue5orEn65VIxOA+YvNNl9HV3qv70T7CNwjODHZrLwvd1Q==",
      "dev": true
    },
    "typescript": {
      "version": "3.9.7",
      "resolved": "https://registry.npmjs.org/typescript/-/typescript-3.9.7.tgz",
      "integrity": "sha512-BLbiRkiBzAwsjut4x/dsibSTB6yWpwT5qWmC2OfuCg3GgVQCSgMs4vEctYPhsaGtd0AeuuHMkjZ2h2WG8MSzRw==",
      "dev": true
    },
    "universalify": {
      "version": "0.1.2",
      "resolved": "https://registry.npmjs.org/universalify/-/universalify-0.1.2.tgz",
      "integrity": "sha512-rBJeI5CXAlmy1pV+617WB9J63U6XcazHHF2f2dbJix4XzpUF0RS3Zbj0FGIOCAva5P/d/GBOYaACQ1w+0azUkg==",
      "dev": true
    },
    "vue": {
      "version": "3.0.0-rc.10",
      "resolved": "https://registry.npmjs.org/vue/-/vue-3.0.0-rc.10.tgz",
      "integrity": "sha512-nRsyIQtOWLDMBb5dsPwg/WdIqznCMVWN6O6wJSzhseKC768wHlZKcJ7SPHhWPid9wi3Ykhtl9vtgvxTK/qICkw==",
      "dev": true,
      "requires": {
        "@vue/compiler-dom": "3.0.0-rc.10",
        "@vue/runtime-dom": "3.0.0-rc.10",
        "@vue/shared": "3.0.0-rc.10"
      }
    },
    "vue-router": {
      "version": "4.0.0-beta.9",
      "resolved": "https://registry.npmjs.org/vue-router/-/vue-router-4.0.0-beta.9.tgz",
      "integrity": "sha512-k8AGMm3LCTqnsEuF37AD4kcZVMwtnFEzdjACgmIII/xbLnTj3+o5XyH/zREBZutgv5q2hzlLltMVglqDQYMd/A==",
      "dev": true
    },
    "workbox-background-sync": {
      "version": "4.3.1",
      "resolved": "https://registry.npmjs.org/workbox-background-sync/-/workbox-background-sync-4.3.1.tgz",
      "integrity": "sha512-1uFkvU8JXi7L7fCHVBEEnc3asPpiAL33kO495UMcD5+arew9IbKW2rV5lpzhoWcm/qhGB89YfO4PmB/0hQwPRg==",
      "dev": true,
      "requires": {
        "workbox-core": "^4.3.1"
      }
    },
    "workbox-broadcast-update": {
      "version": "4.3.1",
      "resolved": "https://registry.npmjs.org/workbox-broadcast-update/-/workbox-broadcast-update-4.3.1.tgz",
      "integrity": "sha512-MTSfgzIljpKLTBPROo4IpKjESD86pPFlZwlvVG32Kb70hW+aob4Jxpblud8EhNb1/L5m43DUM4q7C+W6eQMMbA==",
      "dev": true,
      "requires": {
        "workbox-core": "^4.3.1"
      }
    },
    "workbox-build": {
      "version": "4.3.1",
      "resolved": "https://registry.npmjs.org/workbox-build/-/workbox-build-4.3.1.tgz",
      "integrity": "sha512-UHdwrN3FrDvicM3AqJS/J07X0KXj67R8Cg0waq1MKEOqzo89ap6zh6LmaLnRAjpB+bDIz+7OlPye9iii9KBnxw==",
      "dev": true,
      "requires": {
        "@babel/runtime": "^7.3.4",
        "@hapi/joi": "^15.0.0",
        "common-tags": "^1.8.0",
        "fs-extra": "^4.0.2",
        "glob": "^7.1.3",
        "lodash.template": "^4.4.0",
        "pretty-bytes": "^5.1.0",
        "stringify-object": "^3.3.0",
        "strip-comments": "^1.0.2",
        "workbox-background-sync": "^4.3.1",
        "workbox-broadcast-update": "^4.3.1",
        "workbox-cacheable-response": "^4.3.1",
        "workbox-core": "^4.3.1",
        "workbox-expiration": "^4.3.1",
        "workbox-google-analytics": "^4.3.1",
        "workbox-navigation-preload": "^4.3.1",
        "workbox-precaching": "^4.3.1",
        "workbox-range-requests": "^4.3.1",
        "workbox-routing": "^4.3.1",
        "workbox-strategies": "^4.3.1",
        "workbox-streams": "^4.3.1",
        "workbox-sw": "^4.3.1",
        "workbox-window": "^4.3.1"
      }
    },
    "workbox-cacheable-response": {
      "version": "4.3.1",
      "resolved": "https://registry.npmjs.org/workbox-cacheable-response/-/workbox-cacheable-response-4.3.1.tgz",
      "integrity": "sha512-Rp5qlzm6z8IOvnQNkCdO9qrDgDpoPNguovs0H8C+wswLuPgSzSp9p2afb5maUt9R1uTIwOXrVQMmPfPypv+npw==",
      "dev": true,
      "requires": {
        "workbox-core": "^4.3.1"
      }
    },
    "workbox-core": {
      "version": "4.3.1",
      "resolved": "https://registry.npmjs.org/workbox-core/-/workbox-core-4.3.1.tgz",
      "integrity": "sha512-I3C9jlLmMKPxAC1t0ExCq+QoAMd0vAAHULEgRZ7kieCdUd919n53WC0AfvokHNwqRhGn+tIIj7vcb5duCjs2Kg==",
      "dev": true
    },
    "workbox-expiration": {
      "version": "4.3.1",
      "resolved": "https://registry.npmjs.org/workbox-expiration/-/workbox-expiration-4.3.1.tgz",
      "integrity": "sha512-vsJLhgQsQouv9m0rpbXubT5jw0jMQdjpkum0uT+d9tTwhXcEZks7qLfQ9dGSaufTD2eimxbUOJfWLbNQpIDMPw==",
      "dev": true,
      "requires": {
        "workbox-core": "^4.3.1"
      }
    },
    "workbox-google-analytics": {
      "version": "4.3.1",
      "resolved": "https://registry.npmjs.org/workbox-google-analytics/-/workbox-google-analytics-4.3.1.tgz",
      "integrity": "sha512-xzCjAoKuOb55CBSwQrbyWBKqp35yg1vw9ohIlU2wTy06ZrYfJ8rKochb1MSGlnoBfXGWss3UPzxR5QL5guIFdg==",
      "dev": true,
      "requires": {
        "workbox-background-sync": "^4.3.1",
        "workbox-core": "^4.3.1",
        "workbox-routing": "^4.3.1",
        "workbox-strategies": "^4.3.1"
      }
    },
    "workbox-navigation-preload": {
      "version": "4.3.1",
      "resolved": "https://registry.npmjs.org/workbox-navigation-preload/-/workbox-navigation-preload-4.3.1.tgz",
      "integrity": "sha512-K076n3oFHYp16/C+F8CwrRqD25GitA6Rkd6+qAmLmMv1QHPI2jfDwYqrytOfKfYq42bYtW8Pr21ejZX7GvALOw==",
      "dev": true,
      "requires": {
        "workbox-core": "^4.3.1"
      }
    },
    "workbox-precaching": {
      "version": "4.3.1",
      "resolved": "https://registry.npmjs.org/workbox-precaching/-/workbox-precaching-4.3.1.tgz",
      "integrity": "sha512-piSg/2csPoIi/vPpp48t1q5JLYjMkmg5gsXBQkh/QYapCdVwwmKlU9mHdmy52KsDGIjVaqEUMFvEzn2LRaigqQ==",
      "dev": true,
      "requires": {
        "workbox-core": "^4.3.1"
      }
    },
    "workbox-range-requests": {
      "version": "4.3.1",
      "resolved": "https://registry.npmjs.org/workbox-range-requests/-/workbox-range-requests-4.3.1.tgz",
      "integrity": "sha512-S+HhL9+iTFypJZ/yQSl/x2Bf5pWnbXdd3j57xnb0V60FW1LVn9LRZkPtneODklzYuFZv7qK6riZ5BNyc0R0jZA==",
      "dev": true,
      "requires": {
        "workbox-core": "^4.3.1"
      }
    },
    "workbox-routing": {
      "version": "4.3.1",
      "resolved": "https://registry.npmjs.org/workbox-routing/-/workbox-routing-4.3.1.tgz",
      "integrity": "sha512-FkbtrODA4Imsi0p7TW9u9MXuQ5P4pVs1sWHK4dJMMChVROsbEltuE79fBoIk/BCztvOJ7yUpErMKa4z3uQLX+g==",
      "dev": true,
      "requires": {
        "workbox-core": "^4.3.1"
      }
    },
    "workbox-strategies": {
      "version": "4.3.1",
      "resolved": "https://registry.npmjs.org/workbox-strategies/-/workbox-strategies-4.3.1.tgz",
      "integrity": "sha512-F/+E57BmVG8dX6dCCopBlkDvvhg/zj6VDs0PigYwSN23L8hseSRwljrceU2WzTvk/+BSYICsWmRq5qHS2UYzhw==",
      "dev": true,
      "requires": {
        "workbox-core": "^4.3.1"
      }
    },
    "workbox-streams": {
      "version": "4.3.1",
      "resolved": "https://registry.npmjs.org/workbox-streams/-/workbox-streams-4.3.1.tgz",
      "integrity": "sha512-4Kisis1f/y0ihf4l3u/+ndMkJkIT4/6UOacU3A4BwZSAC9pQ9vSvJpIi/WFGQRH/uPXvuVjF5c2RfIPQFSS2uA==",
      "dev": true,
      "requires": {
        "workbox-core": "^4.3.1"
      }
    },
    "workbox-sw": {
      "version": "4.3.1",
      "resolved": "https://registry.npmjs.org/workbox-sw/-/workbox-sw-4.3.1.tgz",
      "integrity": "sha512-0jXdusCL2uC5gM3yYFT6QMBzKfBr2XTk0g5TPAV4y8IZDyVNDyj1a8uSXy3/XrvkVTmQvLN4O5k3JawGReXr9w==",
      "dev": true
    },
    "workbox-window": {
      "version": "4.3.1",
      "resolved": "https://registry.npmjs.org/workbox-window/-/workbox-window-4.3.1.tgz",
      "integrity": "sha512-C5gWKh6I58w3GeSc0wp2Ne+rqVw8qwcmZnQGpjiek8A2wpbxSJb1FdCoQVO+jDJs35bFgo/WETgl1fqgsxN0Hg==",
      "dev": true,
      "requires": {
        "workbox-core": "^4.3.1"
      }
    },
    "wrappy": {
      "version": "1.0.2",
      "resolved": "https://registry.npmjs.org/wrappy/-/wrappy-1.0.2.tgz",
      "integrity": "sha1-tSQ9jz7BqjXxNkYFvA0QNuMKtp8=",
      "dev": true
    }
  }
}
