{
  "name": "@ionic/react-router",
  "version": "6.4.4",
  "lockfileVersion": 2,
  "requires": true,
  "packages": {
    "": {
      "name": "@ionic/react-router",
      "version": "6.4.4",
      "license": "MIT",
      "dependencies": {
        "@ionic/react": "^6.4.4",
        "tslib": "*"
      },
      "devDependencies": {
        "@rollup/plugin-node-resolve": "^8.1.0",
        "@types/node": "^14.0.14",
        "@types/react": "16.14.0",
        "@types/react-dom": "^16.9.0",
        "@types/react-router": "^5.0.3",
        "@types/react-router-dom": "^5.1.5",
        "prettier": "^2.2.0",
        "react": "^16.9.0",
        "react-dom": "^16.9.0",
        "react-router": "^5.0.1",
        "react-router-dom": "^5.0.1",
        "rimraf": "^3.0.2",
        "rollup": "^2.26.4",
        "rollup-plugin-sourcemaps": "^0.6.2",
        "tslint": "^6.1.3",
        "tslint-ionic-rules": "0.0.21",
        "tslint-react": "^5.0.0",
        "typescript": "^3.9.5"
      },
      "peerDependencies": {
        "react": ">=16.8.6",
        "react-dom": ">=16.8.6",
        "react-router": "^5.0.1",
        "react-router-dom": "^5.0.1"
      }
    },
    "node_modules/@babel/code-frame": {
      "version": "7.16.0",
      "dev": true,
      "license": "MIT",
      "dependencies": {
        "@babel/highlight": "^7.16.0"
      },
      "engines": {
        "node": ">=6.9.0"
      }
    },
    "node_modules/@babel/helper-validator-identifier": {
      "version": "7.15.7",
      "dev": true,
      "license": "MIT",
      "engines": {
        "node": ">=6.9.0"
      }
    },
    "node_modules/@babel/highlight": {
      "version": "7.16.0",
      "dev": true,
      "license": "MIT",
      "dependencies": {
        "@babel/helper-validator-identifier": "^7.15.7",
        "chalk": "^2.0.0",
        "js-tokens": "^4.0.0"
      },
      "engines": {
        "node": ">=6.9.0"
      }
    },
    "node_modules/@babel/highlight/node_modules/ansi-styles": {
      "version": "3.2.1",
      "dev": true,
      "license": "MIT",
      "dependencies": {
        "color-convert": "^1.9.0"
      },
      "engines": {
        "node": ">=4"
      }
    },
    "node_modules/@babel/highlight/node_modules/chalk": {
      "version": "2.4.2",
      "dev": true,
      "license": "MIT",
      "dependencies": {
        "ansi-styles": "^3.2.1",
        "escape-string-regexp": "^1.0.5",
        "supports-color": "^5.3.0"
      },
      "engines": {
        "node": ">=4"
      }
    },
    "node_modules/@babel/highlight/node_modules/color-convert": {
      "version": "1.9.3",
      "dev": true,
      "license": "MIT",
      "dependencies": {
        "color-name": "1.1.3"
      }
    },
    "node_modules/@babel/highlight/node_modules/color-name": {
      "version": "1.1.3",
      "dev": true,
      "license": "MIT"
    },
    "node_modules/@babel/highlight/node_modules/escape-string-regexp": {
      "version": "1.0.5",
      "dev": true,
      "license": "MIT",
      "engines": {
        "node": ">=0.8.0"
      }
    },
    "node_modules/@babel/highlight/node_modules/has-flag": {
      "version": "3.0.0",
      "dev": true,
      "license": "MIT",
      "engines": {
        "node": ">=4"
      }
    },
    "node_modules/@babel/highlight/node_modules/supports-color": {
      "version": "5.5.0",
      "dev": true,
      "license": "MIT",
      "dependencies": {
        "has-flag": "^3.0.0"
      },
      "engines": {
        "node": ">=4"
      }
    },
    "node_modules/@babel/runtime": {
      "version": "7.16.3",
      "dev": true,
      "license": "MIT",
      "dependencies": {
        "regenerator-runtime": "^0.13.4"
      },
      "engines": {
        "node": ">=6.9.0"
      }
    },
    "node_modules/@ionic/core": {
      "version": "6.4.3",
      "resolved": "https://registry.npmjs.org/@ionic/core/-/core-6.4.3.tgz",
      "integrity": "sha512-CBtDO2kbFzwB3UcmOsp6hizK2Wm/FuhfQhvqPz4D8cv2TotNHZ1oOvF224g6dw8Djw+v5baebDzS1h2ckYx+kw==",
      "dependencies": {
        "@stencil/core": "^2.18.0",
        "ionicons": "^6.0.4",
        "tslib": "^2.1.0"
      }
    },
    "node_modules/@ionic/react": {
      "version": "6.4.3",
      "resolved": "https://registry.npmjs.org/@ionic/react/-/react-6.4.3.tgz",
      "integrity": "sha512-jQ8PylkSpWdNki/9bJdS2+uAyp5f4bscM4z0eQp55qLd9l4VHpOkM7gfm2cnpfHCIzW4FtktBjoXXMsFMIewTw==",
      "dependencies": {
        "@ionic/core": "6.4.3",
        "ionicons": "^6.0.2",
        "tslib": "*"
      },
      "peerDependencies": {
        "react": ">=16.8.6",
        "react-dom": ">=16.8.6"
      }
    },
    "node_modules/@rollup/plugin-node-resolve": {
      "version": "8.4.0",
      "dev": true,
      "license": "MIT",
      "dependencies": {
        "@rollup/pluginutils": "^3.1.0",
        "@types/resolve": "1.17.1",
        "builtin-modules": "^3.1.0",
        "deep-freeze": "^0.0.1",
        "deepmerge": "^4.2.2",
        "is-module": "^1.0.0",
        "resolve": "^1.17.0"
      },
      "engines": {
        "node": ">= 8.0.0"
      },
      "peerDependencies": {
        "rollup": "^1.20.0||^2.0.0"
      }
    },
    "node_modules/@rollup/pluginutils": {
      "version": "3.1.0",
      "dev": true,
      "license": "MIT",
      "dependencies": {
        "@types/estree": "0.0.39",
        "estree-walker": "^1.0.1",
        "picomatch": "^2.2.2"
      },
      "engines": {
        "node": ">= 8.0.0"
      },
      "peerDependencies": {
        "rollup": "^1.20.0||^2.0.0"
      }
    },
    "node_modules/@stencil/core": {
      "version": "2.22.1",
      "resolved": "https://registry.npmjs.org/@stencil/core/-/core-2.22.1.tgz",
      "integrity": "sha512-L4EsWLXYkg24BfrR3aS1df3BSkH0RFyza+Tu84MaYoF2csiKTJxDTZuFHSnJeF8UdgzV7CBfnsIEV6r3s0+h3g==",
      "bin": {
        "stencil": "bin/stencil"
      },
      "engines": {
        "node": ">=12.10.0",
        "npm": ">=6.0.0"
      }
    },
    "node_modules/@types/estree": {
      "version": "0.0.39",
      "dev": true,
      "license": "MIT"
    },
    "node_modules/@types/history": {
      "version": "4.7.9",
      "dev": true,
      "license": "MIT"
    },
    "node_modules/@types/node": {
      "version": "14.18.0",
      "dev": true,
      "license": "MIT"
    },
    "node_modules/@types/prop-types": {
      "version": "15.7.4",
      "dev": true,
      "license": "MIT"
    },
    "node_modules/@types/react": {
      "version": "16.14.0",
      "dev": true,
      "license": "MIT",
      "dependencies": {
        "@types/prop-types": "*",
        "csstype": "^3.0.2"
      }
    },
    "node_modules/@types/react-dom": {
      "version": "16.9.14",
      "dev": true,
      "license": "MIT",
      "dependencies": {
        "@types/react": "^16"
      }
    },
    "node_modules/@types/react-router": {
      "version": "5.1.17",
      "dev": true,
      "license": "MIT",
      "dependencies": {
        "@types/history": "*",
        "@types/react": "*"
      }
    },
    "node_modules/@types/react-router-dom": {
      "version": "5.3.2",
      "dev": true,
      "license": "MIT",
      "dependencies": {
        "@types/history": "*",
        "@types/react": "*",
        "@types/react-router": "*"
      }
    },
    "node_modules/@types/resolve": {
      "version": "1.17.1",
      "dev": true,
      "license": "MIT",
      "dependencies": {
        "@types/node": "*"
      }
    },
    "node_modules/argparse": {
      "version": "1.0.10",
      "dev": true,
      "license": "MIT",
      "dependencies": {
        "sprintf-js": "~1.0.2"
      }
    },
    "node_modules/atob": {
      "version": "2.1.2",
      "dev": true,
      "license": "(MIT OR Apache-2.0)",
      "bin": {
        "atob": "bin/atob.js"
      },
      "engines": {
        "node": ">= 4.5.0"
      }
    },
    "node_modules/balanced-match": {
      "version": "1.0.2",
      "dev": true,
      "license": "MIT"
    },
    "node_modules/brace-expansion": {
      "version": "1.1.11",
      "dev": true,
      "license": "MIT",
      "dependencies": {
        "balanced-match": "^1.0.0",
        "concat-map": "0.0.1"
      }
    },
    "node_modules/builtin-modules": {
      "version": "3.2.0",
      "dev": true,
      "license": "MIT",
      "engines": {
        "node": ">=6"
      },
      "funding": {
        "url": "https://github.com/sponsors/sindresorhus"
      }
    },
    "node_modules/commander": {
      "version": "2.20.3",
      "dev": true,
      "license": "MIT"
    },
    "node_modules/concat-map": {
      "version": "0.0.1",
      "dev": true,
      "license": "MIT"
    },
    "node_modules/csstype": {
      "version": "3.0.10",
      "dev": true,
      "license": "MIT"
    },
    "node_modules/decode-uri-component": {
      "version": "0.2.0",
      "dev": true,
      "license": "MIT",
      "engines": {
        "node": ">=0.10"
      }
    },
    "node_modules/deep-freeze": {
      "version": "0.0.1",
      "dev": true,
      "license": "public domain"
    },
    "node_modules/deepmerge": {
      "version": "4.2.2",
      "dev": true,
      "license": "MIT",
      "engines": {
        "node": ">=0.10.0"
      }
    },
    "node_modules/diff": {
      "version": "4.0.2",
      "dev": true,
      "license": "BSD-3-Clause",
      "engines": {
        "node": ">=0.3.1"
      }
    },
    "node_modules/doctrine": {
      "version": "0.7.2",
      "dev": true,
      "dependencies": {
        "esutils": "^1.1.6",
        "isarray": "0.0.1"
      },
      "engines": {
        "node": ">=0.10.0"
      }
    },
    "node_modules/esprima": {
      "version": "4.0.1",
      "dev": true,
      "license": "BSD-2-Clause",
      "bin": {
        "esparse": "bin/esparse.js",
        "esvalidate": "bin/esvalidate.js"
      },
      "engines": {
        "node": ">=4"
      }
    },
    "node_modules/estree-walker": {
      "version": "1.0.1",
      "dev": true,
      "license": "MIT"
    },
    "node_modules/esutils": {
      "version": "1.1.6",
      "dev": true,
      "engines": {
        "node": ">=0.10.0"
      }
    },
    "node_modules/fs.realpath": {
      "version": "1.0.0",
      "dev": true,
      "license": "ISC"
    },
    "node_modules/fsevents": {
      "version": "2.3.2",
      "dev": true,
      "license": "MIT",
      "optional": true,
      "os": [
        "darwin"
      ],
      "engines": {
        "node": "^8.16.0 || ^10.6.0 || >=11.0.0"
      }
    },
    "node_modules/function-bind": {
      "version": "1.1.1",
      "dev": true,
      "license": "MIT"
    },
    "node_modules/glob": {
      "version": "7.2.0",
      "dev": true,
      "license": "ISC",
      "dependencies": {
        "fs.realpath": "^1.0.0",
        "inflight": "^1.0.4",
        "inherits": "2",
        "minimatch": "^3.0.4",
        "once": "^1.3.0",
        "path-is-absolute": "^1.0.0"
      },
      "engines": {
        "node": "*"
      },
      "funding": {
        "url": "https://github.com/sponsors/isaacs"
      }
    },
    "node_modules/has": {
      "version": "1.0.3",
      "dev": true,
      "license": "MIT",
      "dependencies": {
        "function-bind": "^1.1.1"
      },
      "engines": {
        "node": ">= 0.4.0"
      }
    },
    "node_modules/history": {
      "version": "4.10.1",
      "dev": true,
      "license": "MIT",
      "dependencies": {
        "@babel/runtime": "^7.1.2",
        "loose-envify": "^1.2.0",
        "resolve-pathname": "^3.0.0",
        "tiny-invariant": "^1.0.2",
        "tiny-warning": "^1.0.0",
        "value-equal": "^1.0.1"
      }
    },
    "node_modules/hoist-non-react-statics": {
      "version": "3.3.2",
      "dev": true,
      "license": "BSD-3-Clause",
      "dependencies": {
        "react-is": "^16.7.0"
      }
    },
    "node_modules/inflight": {
      "version": "1.0.6",
      "dev": true,
      "license": "ISC",
      "dependencies": {
        "once": "^1.3.0",
        "wrappy": "1"
      }
    },
    "node_modules/inherits": {
      "version": "2.0.4",
      "dev": true,
      "license": "ISC"
    },
    "node_modules/ionicons": {
      "version": "6.1.1",
      "resolved": "https://registry.npmjs.org/ionicons/-/ionicons-6.1.1.tgz",
      "integrity": "sha512-Qe6mx25DFNwA9UL1rhewI5StI3uD4+BqB2KdvLjyWhtvoUXwyAsmfHLZuDANAHQowIKtTt6BZCt5/g5NIQ635Q==",
      "dependencies": {
        "@stencil/core": "^2.18.0"
      }
    },
    "node_modules/is-core-module": {
      "version": "2.8.0",
      "dev": true,
      "license": "MIT",
      "dependencies": {
        "has": "^1.0.3"
      },
      "funding": {
        "url": "https://github.com/sponsors/ljharb"
      }
    },
    "node_modules/is-module": {
      "version": "1.0.0",
      "dev": true,
      "license": "MIT"
    },
    "node_modules/isarray": {
      "version": "0.0.1",
      "dev": true,
      "license": "MIT"
    },
    "node_modules/js-tokens": {
      "version": "4.0.0",
      "dev": true,
      "license": "MIT"
    },
    "node_modules/js-yaml": {
      "version": "3.14.1",
      "dev": true,
      "license": "MIT",
      "dependencies": {
        "argparse": "^1.0.7",
        "esprima": "^4.0.0"
      },
      "bin": {
        "js-yaml": "bin/js-yaml.js"
      }
    },
    "node_modules/loose-envify": {
      "version": "1.4.0",
      "dev": true,
      "license": "MIT",
      "dependencies": {
        "js-tokens": "^3.0.0 || ^4.0.0"
      },
      "bin": {
        "loose-envify": "cli.js"
      }
    },
    "node_modules/mini-create-react-context": {
      "version": "0.4.1",
      "dev": true,
      "license": "MIT",
      "dependencies": {
        "@babel/runtime": "^7.12.1",
        "tiny-warning": "^1.0.3"
      },
      "peerDependencies": {
        "prop-types": "^15.0.0",
        "react": "^0.14.0 || ^15.0.0 || ^16.0.0 || ^17.0.0"
      }
    },
    "node_modules/minimatch": {
      "version": "3.0.4",
      "dev": true,
      "license": "ISC",
      "dependencies": {
        "brace-expansion": "^1.1.7"
      },
      "engines": {
        "node": "*"
      }
    },
    "node_modules/minimist": {
      "version": "1.2.5",
      "dev": true,
      "license": "MIT"
    },
    "node_modules/mkdirp": {
      "version": "0.5.5",
      "dev": true,
      "license": "MIT",
      "dependencies": {
        "minimist": "^1.2.5"
      },
      "bin": {
        "mkdirp": "bin/cmd.js"
      }
    },
    "node_modules/object-assign": {
      "version": "4.1.1",
      "dev": true,
      "license": "MIT",
      "engines": {
        "node": ">=0.10.0"
      }
    },
    "node_modules/once": {
      "version": "1.4.0",
      "dev": true,
      "license": "ISC",
      "dependencies": {
        "wrappy": "1"
      }
    },
    "node_modules/path-is-absolute": {
      "version": "1.0.1",
      "dev": true,
      "license": "MIT",
      "engines": {
        "node": ">=0.10.0"
      }
    },
    "node_modules/path-parse": {
      "version": "1.0.7",
      "dev": true,
      "license": "MIT"
    },
    "node_modules/path-to-regexp": {
      "version": "1.8.0",
      "dev": true,
      "license": "MIT",
      "dependencies": {
        "isarray": "0.0.1"
      }
    },
    "node_modules/picomatch": {
      "version": "2.3.0",
      "dev": true,
      "license": "MIT",
      "engines": {
        "node": ">=8.6"
      },
      "funding": {
        "url": "https://github.com/sponsors/jonschlinkert"
      }
    },
    "node_modules/prettier": {
      "version": "2.5.1",
      "dev": true,
      "license": "MIT",
      "bin": {
        "prettier": "bin-prettier.js"
      },
      "engines": {
        "node": ">=10.13.0"
      }
    },
    "node_modules/prop-types": {
      "version": "15.7.2",
      "dev": true,
      "license": "MIT",
      "dependencies": {
        "loose-envify": "^1.4.0",
        "object-assign": "^4.1.1",
        "react-is": "^16.8.1"
      }
    },
    "node_modules/react": {
      "version": "16.14.0",
      "dev": true,
      "license": "MIT",
      "dependencies": {
        "loose-envify": "^1.1.0",
        "object-assign": "^4.1.1",
        "prop-types": "^15.6.2"
      },
      "engines": {
        "node": ">=0.10.0"
      }
    },
    "node_modules/react-dom": {
      "version": "16.14.0",
      "dev": true,
      "license": "MIT",
      "dependencies": {
        "loose-envify": "^1.1.0",
        "object-assign": "^4.1.1",
        "prop-types": "^15.6.2",
        "scheduler": "^0.19.1"
      },
      "peerDependencies": {
        "react": "^16.14.0"
      }
    },
    "node_modules/react-is": {
      "version": "16.13.1",
      "dev": true,
      "license": "MIT"
    },
    "node_modules/react-router": {
      "version": "5.2.1",
      "dev": true,
      "license": "MIT",
      "dependencies": {
        "@babel/runtime": "^7.12.13",
        "history": "^4.9.0",
        "hoist-non-react-statics": "^3.1.0",
        "loose-envify": "^1.3.1",
        "mini-create-react-context": "^0.4.0",
        "path-to-regexp": "^1.7.0",
        "prop-types": "^15.6.2",
        "react-is": "^16.6.0",
        "tiny-invariant": "^1.0.2",
        "tiny-warning": "^1.0.0"
      },
      "peerDependencies": {
        "react": ">=15"
      }
    },
    "node_modules/react-router-dom": {
      "version": "5.3.0",
      "dev": true,
      "license": "MIT",
      "dependencies": {
        "@babel/runtime": "^7.12.13",
        "history": "^4.9.0",
        "loose-envify": "^1.3.1",
        "prop-types": "^15.6.2",
        "react-router": "5.2.1",
        "tiny-invariant": "^1.0.2",
        "tiny-warning": "^1.0.0"
      },
      "peerDependencies": {
        "react": ">=15"
      }
    },
    "node_modules/regenerator-runtime": {
      "version": "0.13.9",
      "dev": true,
      "license": "MIT"
    },
    "node_modules/resolve": {
      "version": "1.20.0",
      "dev": true,
      "license": "MIT",
      "dependencies": {
        "is-core-module": "^2.2.0",
        "path-parse": "^1.0.6"
      },
      "funding": {
        "url": "https://github.com/sponsors/ljharb"
      }
    },
    "node_modules/resolve-pathname": {
      "version": "3.0.0",
      "dev": true,
      "license": "MIT"
    },
    "node_modules/rimraf": {
      "version": "3.0.2",
      "dev": true,
      "license": "ISC",
      "dependencies": {
        "glob": "^7.1.3"
      },
      "bin": {
        "rimraf": "bin.js"
      },
      "funding": {
        "url": "https://github.com/sponsors/isaacs"
      }
    },
    "node_modules/rollup": {
      "version": "2.60.2",
      "dev": true,
      "license": "MIT",
      "bin": {
        "rollup": "dist/bin/rollup"
      },
      "engines": {
        "node": ">=10.0.0"
      },
      "optionalDependencies": {
        "fsevents": "~2.3.2"
      }
    },
    "node_modules/rollup-plugin-sourcemaps": {
      "version": "0.6.3",
      "dev": true,
      "license": "MIT",
      "dependencies": {
        "@rollup/pluginutils": "^3.0.9",
        "source-map-resolve": "^0.6.0"
      },
      "engines": {
        "node": ">=10.0.0"
      },
      "peerDependencies": {
        "@types/node": ">=10.0.0",
        "rollup": ">=0.31.2"
      },
      "peerDependenciesMeta": {
        "@types/node": {
          "optional": true
        }
      }
    },
    "node_modules/scheduler": {
      "version": "0.19.1",
      "dev": true,
      "license": "MIT",
      "dependencies": {
        "loose-envify": "^1.1.0",
        "object-assign": "^4.1.1"
      }
    },
    "node_modules/source-map-resolve": {
      "version": "0.6.0",
      "dev": true,
      "license": "MIT",
      "dependencies": {
        "atob": "^2.1.2",
        "decode-uri-component": "^0.2.0"
      }
    },
    "node_modules/sprintf-js": {
      "version": "1.0.3",
      "dev": true,
      "license": "BSD-3-Clause"
    },
    "node_modules/tiny-invariant": {
      "version": "1.2.0",
      "dev": true,
      "license": "MIT"
    },
    "node_modules/tiny-warning": {
      "version": "1.0.3",
      "dev": true,
      "license": "MIT"
    },
    "node_modules/tslib": {
      "version": "2.3.1",
      "license": "0BSD"
    },
    "node_modules/tslint": {
      "version": "6.1.3",
      "resolved": "https://registry.npmjs.org/tslint/-/tslint-6.1.3.tgz",
      "integrity": "sha512-IbR4nkT96EQOvKE2PW/djGz8iGNeJ4rF2mBfiYaR/nvUWYKJhLwimoJKgjIFEIDibBtOevj7BqCRL4oHeWWUCg==",
      "deprecated": "TSLint has been deprecated in favor of ESLint. Please see https://github.com/palantir/tslint/issues/4534 for more information.",
      "dev": true,
      "dependencies": {
        "@babel/code-frame": "^7.0.0",
        "builtin-modules": "^1.1.1",
        "chalk": "^2.3.0",
        "commander": "^2.12.1",
        "diff": "^4.0.1",
        "glob": "^7.1.1",
        "js-yaml": "^3.13.1",
        "minimatch": "^3.0.4",
        "mkdirp": "^0.5.3",
        "resolve": "^1.3.2",
        "semver": "^5.3.0",
        "tslib": "^1.13.0",
        "tsutils": "^2.29.0"
      },
      "bin": {
        "tslint": "bin/tslint"
      },
      "engines": {
        "node": ">=4.8.0"
      },
      "peerDependencies": {
        "typescript": ">=2.3.0-dev || >=2.4.0-dev || >=2.5.0-dev || >=2.6.0-dev || >=2.7.0-dev || >=2.8.0-dev || >=2.9.0-dev || >=3.0.0-dev || >= 3.1.0-dev || >= 3.2.0-dev || >= 4.0.0-dev"
      }
    },
    "node_modules/tslint-eslint-rules": {
      "version": "5.4.0",
      "dev": true,
      "license": "MIT",
      "dependencies": {
        "doctrine": "0.7.2",
        "tslib": "1.9.0",
        "tsutils": "^3.0.0"
      },
      "peerDependencies": {
        "tslint": "^5.0.0",
        "typescript": "^2.2.0 || ^3.0.0"
      }
    },
    "node_modules/tslint-eslint-rules/node_modules/tslib": {
      "version": "1.9.0",
      "dev": true,
      "license": "Apache-2.0"
    },
    "node_modules/tslint-eslint-rules/node_modules/tsutils": {
      "version": "3.21.0",
      "dev": true,
      "license": "MIT",
      "dependencies": {
        "tslib": "^1.8.1"
      },
      "engines": {
        "node": ">= 6"
      },
      "peerDependencies": {
        "typescript": ">=2.8.0 || >= 3.2.0-dev || >= 3.3.0-dev || >= 3.4.0-dev || >= 3.5.0-dev || >= 3.6.0-dev || >= 3.6.0-beta || >= 3.7.0-dev || >= 3.7.0-beta"
      }
    },
    "node_modules/tslint-ionic-rules": {
      "version": "0.0.21",
      "dev": true,
      "license": "MIT",
      "dependencies": {
        "@types/node": "^10.9.4",
        "tslint-eslint-rules": "^5.3.1"
      },
      "peerDependencies": {
        "tslint": "^5.1.0",
        "typescript": "^2.1.0 || ^3.0.0"
      }
    },
    "node_modules/tslint-ionic-rules/node_modules/@types/node": {
      "version": "10.17.60",
      "dev": true,
      "license": "MIT"
    },
    "node_modules/tslint-react": {
      "version": "5.0.0",
      "dev": true,
      "license": "Apache-2.0",
      "dependencies": {
        "tsutils": "^3.17.1"
      },
      "peerDependencies": {
        "tslint": "^6.0.0",
        "typescript": ">=3.4.1"
      }
    },
    "node_modules/tslint-react/node_modules/tslib": {
      "version": "1.14.1",
      "dev": true,
      "license": "0BSD"
    },
    "node_modules/tslint-react/node_modules/tsutils": {
      "version": "3.21.0",
      "dev": true,
      "license": "MIT",
      "dependencies": {
        "tslib": "^1.8.1"
      },
      "engines": {
        "node": ">= 6"
      },
      "peerDependencies": {
        "typescript": ">=2.8.0 || >= 3.2.0-dev || >= 3.3.0-dev || >= 3.4.0-dev || >= 3.5.0-dev || >= 3.6.0-dev || >= 3.6.0-beta || >= 3.7.0-dev || >= 3.7.0-beta"
      }
    },
    "node_modules/tslint/node_modules/ansi-styles": {
      "version": "3.2.1",
      "dev": true,
      "license": "MIT",
      "dependencies": {
        "color-convert": "^1.9.0"
      },
      "engines": {
        "node": ">=4"
      }
    },
    "node_modules/tslint/node_modules/builtin-modules": {
      "version": "1.1.1",
      "dev": true,
      "license": "MIT",
      "engines": {
        "node": ">=0.10.0"
      }
    },
    "node_modules/tslint/node_modules/chalk": {
      "version": "2.4.2",
      "dev": true,
      "license": "MIT",
      "dependencies": {
        "ansi-styles": "^3.2.1",
        "escape-string-regexp": "^1.0.5",
        "supports-color": "^5.3.0"
      },
      "engines": {
        "node": ">=4"
      }
    },
    "node_modules/tslint/node_modules/color-convert": {
      "version": "1.9.3",
      "dev": true,
      "license": "MIT",
      "dependencies": {
        "color-name": "1.1.3"
      }
    },
    "node_modules/tslint/node_modules/color-name": {
      "version": "1.1.3",
      "dev": true,
      "license": "MIT"
    },
    "node_modules/tslint/node_modules/escape-string-regexp": {
      "version": "1.0.5",
      "dev": true,
      "license": "MIT",
      "engines": {
        "node": ">=0.8.0"
      }
    },
    "node_modules/tslint/node_modules/has-flag": {
      "version": "3.0.0",
      "dev": true,
      "license": "MIT",
      "engines": {
        "node": ">=4"
      }
    },
    "node_modules/tslint/node_modules/semver": {
      "version": "5.7.1",
      "dev": true,
      "license": "ISC",
      "bin": {
        "semver": "bin/semver"
      }
    },
    "node_modules/tslint/node_modules/supports-color": {
      "version": "5.5.0",
      "dev": true,
      "license": "MIT",
      "dependencies": {
        "has-flag": "^3.0.0"
      },
      "engines": {
        "node": ">=4"
      }
    },
    "node_modules/tslint/node_modules/tslib": {
      "version": "1.14.1",
      "dev": true,
      "license": "0BSD"
    },
    "node_modules/tsutils": {
      "version": "2.29.0",
      "dev": true,
      "license": "MIT",
      "dependencies": {
        "tslib": "^1.8.1"
      },
      "peerDependencies": {
        "typescript": ">=2.1.0 || >=2.1.0-dev || >=2.2.0-dev || >=2.3.0-dev || >=2.4.0-dev || >=2.5.0-dev || >=2.6.0-dev || >=2.7.0-dev || >=2.8.0-dev || >=2.9.0-dev || >= 3.0.0-dev || >= 3.1.0-dev"
      }
    },
    "node_modules/tsutils/node_modules/tslib": {
      "version": "1.14.1",
      "dev": true,
      "license": "0BSD"
    },
    "node_modules/typescript": {
      "version": "3.9.10",
      "dev": true,
      "license": "Apache-2.0",
      "bin": {
        "tsc": "bin/tsc",
        "tsserver": "bin/tsserver"
      },
      "engines": {
        "node": ">=4.2.0"
      }
    },
    "node_modules/value-equal": {
      "version": "1.0.1",
      "dev": true,
      "license": "MIT"
    },
    "node_modules/wrappy": {
      "version": "1.0.2",
      "dev": true,
      "license": "ISC"
    }
  },
  "dependencies": {
    "@babel/code-frame": {
      "version": "7.16.0",
      "dev": true,
      "requires": {
        "@babel/highlight": "^7.16.0"
      }
    },
    "@babel/helper-validator-identifier": {
      "version": "7.15.7",
      "dev": true
    },
    "@babel/highlight": {
      "version": "7.16.0",
      "dev": true,
      "requires": {
        "@babel/helper-validator-identifier": "^7.15.7",
        "chalk": "^2.0.0",
        "js-tokens": "^4.0.0"
      },
      "dependencies": {
        "ansi-styles": {
          "version": "3.2.1",
          "dev": true,
          "requires": {
            "color-convert": "^1.9.0"
          }
        },
        "chalk": {
          "version": "2.4.2",
          "dev": true,
          "requires": {
            "ansi-styles": "^3.2.1",
            "escape-string-regexp": "^1.0.5",
            "supports-color": "^5.3.0"
          }
        },
        "color-convert": {
          "version": "1.9.3",
          "dev": true,
          "requires": {
            "color-name": "1.1.3"
          }
        },
        "color-name": {
          "version": "1.1.3",
          "dev": true
        },
        "escape-string-regexp": {
          "version": "1.0.5",
          "dev": true
        },
        "has-flag": {
          "version": "3.0.0",
          "dev": true
        },
        "supports-color": {
          "version": "5.5.0",
          "dev": true,
          "requires": {
            "has-flag": "^3.0.0"
          }
        }
      }
    },
    "@babel/runtime": {
      "version": "7.16.3",
      "dev": true,
      "requires": {
        "regenerator-runtime": "^0.13.4"
      }
    },
    "@ionic/core": {
      "version": "6.4.3",
      "resolved": "https://registry.npmjs.org/@ionic/core/-/core-6.4.3.tgz",
      "integrity": "sha512-CBtDO2kbFzwB3UcmOsp6hizK2Wm/FuhfQhvqPz4D8cv2TotNHZ1oOvF224g6dw8Djw+v5baebDzS1h2ckYx+kw==",
      "requires": {
        "@stencil/core": "^2.18.0",
        "ionicons": "^6.0.4",
        "tslib": "^2.1.0"
      }
    },
    "@ionic/react": {
      "version": "6.4.3",
      "resolved": "https://registry.npmjs.org/@ionic/react/-/react-6.4.3.tgz",
      "integrity": "sha512-jQ8PylkSpWdNki/9bJdS2+uAyp5f4bscM4z0eQp55qLd9l4VHpOkM7gfm2cnpfHCIzW4FtktBjoXXMsFMIewTw==",
      "requires": {
        "@ionic/core": "6.4.3",
        "ionicons": "^6.0.2",
        "tslib": "*"
      }
    },
    "@rollup/plugin-node-resolve": {
      "version": "8.4.0",
      "dev": true,
      "requires": {
        "@rollup/pluginutils": "^3.1.0",
        "@types/resolve": "1.17.1",
        "builtin-modules": "^3.1.0",
        "deep-freeze": "^0.0.1",
        "deepmerge": "^4.2.2",
        "is-module": "^1.0.0",
        "resolve": "^1.17.0"
      }
    },
    "@rollup/pluginutils": {
      "version": "3.1.0",
      "dev": true,
      "requires": {
        "@types/estree": "0.0.39",
        "estree-walker": "^1.0.1",
        "picomatch": "^2.2.2"
      }
    },
    "@stencil/core": {
      "version": "2.22.1",
      "resolved": "https://registry.npmjs.org/@stencil/core/-/core-2.22.1.tgz",
      "integrity": "sha512-L4EsWLXYkg24BfrR3aS1df3BSkH0RFyza+Tu84MaYoF2csiKTJxDTZuFHSnJeF8UdgzV7CBfnsIEV6r3s0+h3g=="
    },
    "@types/estree": {
      "version": "0.0.39",
      "dev": true
    },
    "@types/history": {
      "version": "4.7.9",
      "dev": true
    },
    "@types/node": {
      "version": "14.18.0",
      "dev": true
    },
    "@types/prop-types": {
      "version": "15.7.4",
      "dev": true
    },
    "@types/react": {
      "version": "16.14.0",
      "dev": true,
      "requires": {
        "@types/prop-types": "*",
        "csstype": "^3.0.2"
      }
    },
    "@types/react-dom": {
      "version": "16.9.14",
      "dev": true,
      "requires": {
        "@types/react": "^16"
      }
    },
    "@types/react-router": {
      "version": "5.1.17",
      "dev": true,
      "requires": {
        "@types/history": "*",
        "@types/react": "*"
      }
    },
    "@types/react-router-dom": {
      "version": "5.3.2",
      "dev": true,
      "requires": {
        "@types/history": "*",
        "@types/react": "*",
        "@types/react-router": "*"
      }
    },
    "@types/resolve": {
      "version": "1.17.1",
      "dev": true,
      "requires": {
        "@types/node": "*"
      }
    },
    "argparse": {
      "version": "1.0.10",
      "dev": true,
      "requires": {
        "sprintf-js": "~1.0.2"
      }
    },
    "atob": {
      "version": "2.1.2",
      "dev": true
    },
    "balanced-match": {
      "version": "1.0.2",
      "dev": true
    },
    "brace-expansion": {
      "version": "1.1.11",
      "dev": true,
      "requires": {
        "balanced-match": "^1.0.0",
        "concat-map": "0.0.1"
      }
    },
    "builtin-modules": {
      "version": "3.2.0",
      "dev": true
    },
    "commander": {
      "version": "2.20.3",
      "dev": true
    },
    "concat-map": {
      "version": "0.0.1",
      "dev": true
    },
    "csstype": {
      "version": "3.0.10",
      "dev": true
    },
    "decode-uri-component": {
      "version": "0.2.0",
      "dev": true
    },
    "deep-freeze": {
      "version": "0.0.1",
      "dev": true
    },
    "deepmerge": {
      "version": "4.2.2",
      "dev": true
    },
    "diff": {
      "version": "4.0.2",
      "dev": true
    },
    "doctrine": {
      "version": "0.7.2",
      "dev": true,
      "requires": {
        "esutils": "^1.1.6",
        "isarray": "0.0.1"
      }
    },
    "esprima": {
      "version": "4.0.1",
      "dev": true
    },
    "estree-walker": {
      "version": "1.0.1",
      "dev": true
    },
    "esutils": {
      "version": "1.1.6",
      "dev": true
    },
    "fs.realpath": {
      "version": "1.0.0",
      "dev": true
    },
    "fsevents": {
      "version": "2.3.2",
      "dev": true,
      "optional": true
    },
    "function-bind": {
      "version": "1.1.1",
      "dev": true
    },
    "glob": {
      "version": "7.2.0",
      "dev": true,
      "requires": {
        "fs.realpath": "^1.0.0",
        "inflight": "^1.0.4",
        "inherits": "2",
        "minimatch": "^3.0.4",
        "once": "^1.3.0",
        "path-is-absolute": "^1.0.0"
      }
    },
    "has": {
      "version": "1.0.3",
      "dev": true,
      "requires": {
        "function-bind": "^1.1.1"
      }
    },
    "history": {
      "version": "4.10.1",
      "dev": true,
      "requires": {
        "@babel/runtime": "^7.1.2",
        "loose-envify": "^1.2.0",
        "resolve-pathname": "^3.0.0",
        "tiny-invariant": "^1.0.2",
        "tiny-warning": "^1.0.0",
        "value-equal": "^1.0.1"
      }
    },
    "hoist-non-react-statics": {
      "version": "3.3.2",
      "dev": true,
      "requires": {
        "react-is": "^16.7.0"
      }
    },
    "inflight": {
      "version": "1.0.6",
      "dev": true,
      "requires": {
        "once": "^1.3.0",
        "wrappy": "1"
      }
    },
    "inherits": {
      "version": "2.0.4",
      "dev": true
    },
    "ionicons": {
      "version": "6.1.1",
      "resolved": "https://registry.npmjs.org/ionicons/-/ionicons-6.1.1.tgz",
      "integrity": "sha512-Qe6mx25DFNwA9UL1rhewI5StI3uD4+BqB2KdvLjyWhtvoUXwyAsmfHLZuDANAHQowIKtTt6BZCt5/g5NIQ635Q==",
      "requires": {
        "@stencil/core": "^2.18.0"
      }
    },
    "is-core-module": {
      "version": "2.8.0",
      "dev": true,
      "requires": {
        "has": "^1.0.3"
      }
    },
    "is-module": {
      "version": "1.0.0",
      "dev": true
    },
    "isarray": {
      "version": "0.0.1",
      "dev": true
    },
    "js-tokens": {
      "version": "4.0.0",
      "dev": true
    },
    "js-yaml": {
      "version": "3.14.1",
      "dev": true,
      "requires": {
        "argparse": "^1.0.7",
        "esprima": "^4.0.0"
      }
    },
    "loose-envify": {
      "version": "1.4.0",
      "dev": true,
      "requires": {
        "js-tokens": "^3.0.0 || ^4.0.0"
      }
    },
    "mini-create-react-context": {
      "version": "0.4.1",
      "dev": true,
      "requires": {
        "@babel/runtime": "^7.12.1",
        "tiny-warning": "^1.0.3"
      }
    },
    "minimatch": {
      "version": "3.0.4",
      "dev": true,
      "requires": {
        "brace-expansion": "^1.1.7"
      }
    },
    "minimist": {
      "version": "1.2.5",
      "dev": true
    },
    "mkdirp": {
      "version": "0.5.5",
      "dev": true,
      "requires": {
        "minimist": "^1.2.5"
      }
    },
    "object-assign": {
      "version": "4.1.1",
      "dev": true
    },
    "once": {
      "version": "1.4.0",
      "dev": true,
      "requires": {
        "wrappy": "1"
      }
    },
    "path-is-absolute": {
      "version": "1.0.1",
      "dev": true
    },
    "path-parse": {
      "version": "1.0.7",
      "dev": true
    },
    "path-to-regexp": {
      "version": "1.8.0",
      "dev": true,
      "requires": {
        "isarray": "0.0.1"
      }
    },
    "picomatch": {
      "version": "2.3.0",
      "dev": true
    },
    "prettier": {
      "version": "2.5.1",
      "dev": true
    },
    "prop-types": {
      "version": "15.7.2",
      "dev": true,
      "requires": {
        "loose-envify": "^1.4.0",
        "object-assign": "^4.1.1",
        "react-is": "^16.8.1"
      }
    },
    "react": {
      "version": "16.14.0",
      "dev": true,
      "requires": {
        "loose-envify": "^1.1.0",
        "object-assign": "^4.1.1",
        "prop-types": "^15.6.2"
      }
    },
    "react-dom": {
      "version": "16.14.0",
      "dev": true,
      "requires": {
        "loose-envify": "^1.1.0",
        "object-assign": "^4.1.1",
        "prop-types": "^15.6.2",
        "scheduler": "^0.19.1"
      }
    },
    "react-is": {
      "version": "16.13.1",
      "dev": true
    },
    "react-router": {
      "version": "5.2.1",
      "dev": true,
      "requires": {
        "@babel/runtime": "^7.12.13",
        "history": "^4.9.0",
        "hoist-non-react-statics": "^3.1.0",
        "loose-envify": "^1.3.1",
        "mini-create-react-context": "^0.4.0",
        "path-to-regexp": "^1.7.0",
        "prop-types": "^15.6.2",
        "react-is": "^16.6.0",
        "tiny-invariant": "^1.0.2",
        "tiny-warning": "^1.0.0"
      }
    },
    "react-router-dom": {
      "version": "5.3.0",
      "dev": true,
      "requires": {
        "@babel/runtime": "^7.12.13",
        "history": "^4.9.0",
        "loose-envify": "^1.3.1",
        "prop-types": "^15.6.2",
        "react-router": "5.2.1",
        "tiny-invariant": "^1.0.2",
        "tiny-warning": "^1.0.0"
      }
    },
    "regenerator-runtime": {
      "version": "0.13.9",
      "dev": true
    },
    "resolve": {
      "version": "1.20.0",
      "dev": true,
      "requires": {
        "is-core-module": "^2.2.0",
        "path-parse": "^1.0.6"
      }
    },
    "resolve-pathname": {
      "version": "3.0.0",
      "dev": true
    },
    "rimraf": {
      "version": "3.0.2",
      "dev": true,
      "requires": {
        "glob": "^7.1.3"
      }
    },
    "rollup": {
      "version": "2.60.2",
      "dev": true,
      "requires": {
        "fsevents": "~2.3.2"
      }
    },
    "rollup-plugin-sourcemaps": {
      "version": "0.6.3",
      "dev": true,
      "requires": {
        "@rollup/pluginutils": "^3.0.9",
        "source-map-resolve": "^0.6.0"
      }
    },
    "scheduler": {
      "version": "0.19.1",
      "dev": true,
      "requires": {
        "loose-envify": "^1.1.0",
        "object-assign": "^4.1.1"
      }
    },
    "source-map-resolve": {
      "version": "0.6.0",
      "dev": true,
      "requires": {
        "atob": "^2.1.2",
        "decode-uri-component": "^0.2.0"
      }
    },
    "sprintf-js": {
      "version": "1.0.3",
      "dev": true
    },
    "tiny-invariant": {
      "version": "1.2.0",
      "dev": true
    },
    "tiny-warning": {
      "version": "1.0.3",
      "dev": true
    },
    "tslib": {
      "version": "2.3.1"
    },
    "tslint": {
      "version": "6.1.3",
      "resolved": "https://registry.npmjs.org/tslint/-/tslint-6.1.3.tgz",
      "integrity": "sha512-IbR4nkT96EQOvKE2PW/djGz8iGNeJ4rF2mBfiYaR/nvUWYKJhLwimoJKgjIFEIDibBtOevj7BqCRL4oHeWWUCg==",
      "dev": true,
      "requires": {
        "@babel/code-frame": "^7.0.0",
        "builtin-modules": "^1.1.1",
        "chalk": "^2.3.0",
        "commander": "^2.12.1",
        "diff": "^4.0.1",
        "glob": "^7.1.1",
        "js-yaml": "^3.13.1",
        "minimatch": "^3.0.4",
        "mkdirp": "^0.5.3",
        "resolve": "^1.3.2",
        "semver": "^5.3.0",
        "tslib": "^1.13.0",
        "tsutils": "^2.29.0"
      },
      "dependencies": {
        "ansi-styles": {
          "version": "3.2.1",
          "dev": true,
          "requires": {
            "color-convert": "^1.9.0"
          }
        },
        "builtin-modules": {
          "version": "1.1.1",
          "dev": true
        },
        "chalk": {
          "version": "2.4.2",
          "dev": true,
          "requires": {
            "ansi-styles": "^3.2.1",
            "escape-string-regexp": "^1.0.5",
            "supports-color": "^5.3.0"
          }
        },
        "color-convert": {
          "version": "1.9.3",
          "dev": true,
          "requires": {
            "color-name": "1.1.3"
          }
        },
        "color-name": {
          "version": "1.1.3",
          "dev": true
        },
        "escape-string-regexp": {
          "version": "1.0.5",
          "dev": true
        },
        "has-flag": {
          "version": "3.0.0",
          "dev": true
        },
        "semver": {
          "version": "5.7.1",
          "dev": true
        },
        "supports-color": {
          "version": "5.5.0",
          "dev": true,
          "requires": {
            "has-flag": "^3.0.0"
          }
        },
        "tslib": {
          "version": "1.14.1",
          "dev": true
        }
      }
    },
    "tslint-eslint-rules": {
      "version": "5.4.0",
      "dev": true,
      "requires": {
        "doctrine": "0.7.2",
        "tslib": "1.9.0",
        "tsutils": "^3.0.0"
      },
      "dependencies": {
        "tslib": {
          "version": "1.9.0",
          "dev": true
        },
        "tsutils": {
          "version": "3.21.0",
          "dev": true,
          "requires": {
            "tslib": "^1.8.1"
          }
        }
      }
    },
    "tslint-ionic-rules": {
      "version": "0.0.21",
      "dev": true,
      "requires": {
        "@types/node": "^10.9.4",
        "tslint-eslint-rules": "^5.3.1"
      },
      "dependencies": {
        "@types/node": {
          "version": "10.17.60",
          "dev": true
        }
      }
    },
    "tslint-react": {
      "version": "5.0.0",
      "dev": true,
      "requires": {
        "tsutils": "^3.17.1"
      },
      "dependencies": {
        "tslib": {
          "version": "1.14.1",
          "dev": true
        },
        "tsutils": {
          "version": "3.21.0",
          "dev": true,
          "requires": {
            "tslib": "^1.8.1"
          }
        }
      }
    },
    "tsutils": {
      "version": "2.29.0",
      "dev": true,
      "requires": {
        "tslib": "^1.8.1"
      },
      "dependencies": {
        "tslib": {
          "version": "1.14.1",
          "dev": true
        }
      }
    },
    "typescript": {
      "version": "3.9.10",
      "dev": true
    },
    "value-equal": {
      "version": "1.0.1",
      "dev": true
    },
    "wrappy": {
      "version": "1.0.2",
      "dev": true
    }
  }
}
