// !$*UTF8*$!
{
	archiveVersion = 1;
	classes = {
	};
	objectVersion = 46;
	objects = {

/* Begin PBXBuildFile section */
		1F2BECC013F9785B00A93BF6 /* CDVBattery.h in Headers */ = {isa = PBXBuildFile; fileRef = 1F2BECBE13F9785B00A93BF6 /* CDVBattery.h */; settings = {ATTRIBUTES = (Public, ); }; };
		1F2BECC113F9785B00A93BF6 /* CDVBattery.m in Sources */ = {isa = PBXBuildFile; fileRef = 1F2BECBF13F9785B00A93BF6 /* CDVBattery.m */; };
		1F3C04CE12BC247D004F9E10 /* CDVContact.h in Headers */ = {isa = PBXBuildFile; fileRef = 1F3C04CC12BC247D004F9E10 /* CDVContact.h */; settings = {ATTRIBUTES = (Public, ); }; };
		1F3C04CF12BC247D004F9E10 /* CDVContact.m in Sources */ = {isa = PBXBuildFile; fileRef = 1F3C04CD12BC247D004F9E10 /* CDVContact.m */; };
		1F584B9B1385A28A00ED25E8 /* CDVCapture.h in Headers */ = {isa = PBXBuildFile; fileRef = 1F584B991385A28900ED25E8 /* CDVCapture.h */; settings = {ATTRIBUTES = (Public, ); }; };
		1F584B9C1385A28A00ED25E8 /* CDVCapture.m in Sources */ = {isa = PBXBuildFile; fileRef = 1F584B9A1385A28900ED25E8 /* CDVCapture.m */; };
		1F92F4A01314023E0046367C /* CDVPluginResult.h in Headers */ = {isa = PBXBuildFile; fileRef = 1F92F49E1314023E0046367C /* CDVPluginResult.h */; settings = {ATTRIBUTES = (Public, ); }; };
		1F92F4A11314023E0046367C /* CDVPluginResult.m in Sources */ = {isa = PBXBuildFile; fileRef = 1F92F49F1314023E0046367C /* CDVPluginResult.m */; };
		301F2F2A14F3C9CA003FE9FC /* CDV.h in Headers */ = {isa = PBXBuildFile; fileRef = 301F2F2914F3C9CA003FE9FC /* CDV.h */; settings = {ATTRIBUTES = (Public, ); }; };
		302965BC13A94E9D007046C5 /* CDVDebug.h in Headers */ = {isa = PBXBuildFile; fileRef = 302965BB13A94E9D007046C5 /* CDVDebug.h */; settings = {ATTRIBUTES = (Public, ); }; };
		3034979C1513D56A0090E688 /* CDVLocalStorage.h in Headers */ = {isa = PBXBuildFile; fileRef = 3034979A1513D56A0090E688 /* CDVLocalStorage.h */; settings = {ATTRIBUTES = (Public, ); }; };
		3034979E1513D56A0090E688 /* CDVLocalStorage.m in Sources */ = {isa = PBXBuildFile; fileRef = 3034979B1513D56A0090E688 /* CDVLocalStorage.m */; };
		30392E4E14F4FCAB00B9E0B8 /* CDVAvailability.h in Headers */ = {isa = PBXBuildFile; fileRef = 30392E4D14F4FCAB00B9E0B8 /* CDVAvailability.h */; settings = {ATTRIBUTES = (Public, ); }; };
		3062D120151D0EDB000D9128 /* UIDevice+Extensions.h in Headers */ = {isa = PBXBuildFile; fileRef = 3062D11E151D0EDB000D9128 /* UIDevice+Extensions.h */; settings = {ATTRIBUTES = (Public, ); }; };
		3062D122151D0EDB000D9128 /* UIDevice+Extensions.m in Sources */ = {isa = PBXBuildFile; fileRef = 3062D11F151D0EDB000D9128 /* UIDevice+Extensions.m */; };
		3073E9E91656D37700957977 /* CDVInAppBrowser.h in Headers */ = {isa = PBXBuildFile; fileRef = 3073E9E71656D37700957977 /* CDVInAppBrowser.h */; settings = {ATTRIBUTES = (Public, ); }; };
		3073E9EA1656D37700957977 /* CDVInAppBrowser.m in Sources */ = {isa = PBXBuildFile; fileRef = 3073E9E81656D37700957977 /* CDVInAppBrowser.m */; };
		3073E9ED1656D51200957977 /* CDVScreenOrientationDelegate.h in Headers */ = {isa = PBXBuildFile; fileRef = 3073E9EC1656D51200957977 /* CDVScreenOrientationDelegate.h */; settings = {ATTRIBUTES = (Public, ); }; };
		307A8F9E1385A2EC00E43782 /* CDVConnection.h in Headers */ = {isa = PBXBuildFile; fileRef = 307A8F9C1385A2EC00E43782 /* CDVConnection.h */; settings = {ATTRIBUTES = (Public, ); }; };
		307A8F9F1385A2EC00E43782 /* CDVConnection.m in Sources */ = {isa = PBXBuildFile; fileRef = 307A8F9D1385A2EC00E43782 /* CDVConnection.m */; };
		30B39EBE13D0268B0009682A /* CDVSplashScreen.h in Headers */ = {isa = PBXBuildFile; fileRef = 30B39EBC13D0268B0009682A /* CDVSplashScreen.h */; settings = {ATTRIBUTES = (Public, ); }; };
		30B39EBF13D0268B0009682A /* CDVSplashScreen.m in Sources */ = {isa = PBXBuildFile; fileRef = 30B39EBD13D0268B0009682A /* CDVSplashScreen.m */; };
		30C5F1DF15AF9E950052A00D /* CDVDevice.h in Headers */ = {isa = PBXBuildFile; fileRef = 30C5F1DD15AF9E950052A00D /* CDVDevice.h */; settings = {ATTRIBUTES = (Public, ); }; };
		30C5F1E015AF9E950052A00D /* CDVDevice.m in Sources */ = {isa = PBXBuildFile; fileRef = 30C5F1DE15AF9E950052A00D /* CDVDevice.m */; };
		30C684801406CB38004C1A8E /* CDVWhitelist.h in Headers */ = {isa = PBXBuildFile; fileRef = 30C6847E1406CB38004C1A8E /* CDVWhitelist.h */; settings = {ATTRIBUTES = (Public, ); }; };
		30C684821406CB38004C1A8E /* CDVWhitelist.m in Sources */ = {isa = PBXBuildFile; fileRef = 30C6847F1406CB38004C1A8E /* CDVWhitelist.m */; };
		30C684941407044B004C1A8E /* CDVURLProtocol.h in Headers */ = {isa = PBXBuildFile; fileRef = 30C684921407044A004C1A8E /* CDVURLProtocol.h */; settings = {ATTRIBUTES = (Public, ); }; };
		30C684961407044B004C1A8E /* CDVURLProtocol.m in Sources */ = {isa = PBXBuildFile; fileRef = 30C684931407044A004C1A8E /* CDVURLProtocol.m */; };
		30E33AF213A7E24B00594D64 /* CDVPlugin.h in Headers */ = {isa = PBXBuildFile; fileRef = 30E33AF013A7E24B00594D64 /* CDVPlugin.h */; settings = {ATTRIBUTES = (Public, ); }; };
		30E33AF313A7E24B00594D64 /* CDVPlugin.m in Sources */ = {isa = PBXBuildFile; fileRef = 30E33AF113A7E24B00594D64 /* CDVPlugin.m */; };
		30E563CF13E217EC00C949AA /* NSMutableArray+QueueAdditions.h in Headers */ = {isa = PBXBuildFile; fileRef = 30E563CD13E217EC00C949AA /* NSMutableArray+QueueAdditions.h */; settings = {ATTRIBUTES = (Public, ); }; };
		30E563D013E217EC00C949AA /* NSMutableArray+QueueAdditions.m in Sources */ = {isa = PBXBuildFile; fileRef = 30E563CE13E217EC00C949AA /* NSMutableArray+QueueAdditions.m */; };
		30F3930B169F839700B22307 /* CDVJSON.h in Headers */ = {isa = PBXBuildFile; fileRef = 30F39309169F839700B22307 /* CDVJSON.h */; settings = {ATTRIBUTES = (Public, ); }; };
		30F3930C169F839700B22307 /* CDVJSON.m in Sources */ = {isa = PBXBuildFile; fileRef = 30F3930A169F839700B22307 /* CDVJSON.m */; };
		30F5EBAB14CA26E700987760 /* CDVCommandDelegate.h in Headers */ = {isa = PBXBuildFile; fileRef = 30F5EBA914CA26E700987760 /* CDVCommandDelegate.h */; settings = {ATTRIBUTES = (Public, ); }; };
		3E76876D156A90EE00EB6FA3 /* CDVLogger.m in Sources */ = {isa = PBXBuildFile; fileRef = 3E76876B156A90EE00EB6FA3 /* CDVLogger.m */; };
		3E76876F156A90EE00EB6FA3 /* CDVLogger.h in Headers */ = {isa = PBXBuildFile; fileRef = 3E76876C156A90EE00EB6FA3 /* CDVLogger.h */; settings = {ATTRIBUTES = (Public, ); }; };
		68B7516E16FD18190076A8B4 /* CDVJpegHeaderWriter.h in Headers */ = {isa = PBXBuildFile; fileRef = 68B7516B16FD18190076A8B4 /* CDVJpegHeaderWriter.h */; settings = {ATTRIBUTES = (Public, ); }; };
		68B7516F16FD18190076A8B4 /* CDVJpegHeaderWriter.m in Sources */ = {isa = PBXBuildFile; fileRef = 68B7516C16FD18190076A8B4 /* CDVJpegHeaderWriter.m */; };
		68B7517016FD19F80076A8B4 /* CDVExif.h in Headers */ = {isa = PBXBuildFile; fileRef = 68B7516A16FD18190076A8B4 /* CDVExif.h */; settings = {ATTRIBUTES = (Public, ); }; };
		7E14B5A81705050A0032169E /* CDVTimer.h in Headers */ = {isa = PBXBuildFile; fileRef = 7E14B5A61705050A0032169E /* CDVTimer.h */; settings = {ATTRIBUTES = (Public, ); }; };
		7E14B5A91705050A0032169E /* CDVTimer.m in Sources */ = {isa = PBXBuildFile; fileRef = 7E14B5A71705050A0032169E /* CDVTimer.m */; };
		8852C43A14B65FD800F0E735 /* CDVViewController.h in Headers */ = {isa = PBXBuildFile; fileRef = 8852C43614B65FD800F0E735 /* CDVViewController.h */; settings = {ATTRIBUTES = (Public, ); }; };
		8852C43C14B65FD800F0E735 /* CDVViewController.m in Sources */ = {isa = PBXBuildFile; fileRef = 8852C43714B65FD800F0E735 /* CDVViewController.m */; };
		8887FD661090FBE7009987E8 /* CDVCamera.h in Headers */ = {isa = PBXBuildFile; fileRef = 8887FD261090FBE7009987E8 /* CDVCamera.h */; settings = {ATTRIBUTES = (Public, ); }; };
		8887FD671090FBE7009987E8 /* CDVCamera.m in Sources */ = {isa = PBXBuildFile; fileRef = 8887FD271090FBE7009987E8 /* CDVCamera.m */; };
		8887FD681090FBE7009987E8 /* NSDictionary+Extensions.h in Headers */ = {isa = PBXBuildFile; fileRef = 8887FD281090FBE7009987E8 /* NSDictionary+Extensions.h */; settings = {ATTRIBUTES = (Public, ); }; };
		8887FD691090FBE7009987E8 /* NSDictionary+Extensions.m in Sources */ = {isa = PBXBuildFile; fileRef = 8887FD291090FBE7009987E8 /* NSDictionary+Extensions.m */; };
		8887FD6A1090FBE7009987E8 /* CDVContacts.h in Headers */ = {isa = PBXBuildFile; fileRef = 8887FD2A1090FBE7009987E8 /* CDVContacts.h */; settings = {ATTRIBUTES = (Public, ); }; };
		8887FD6B1090FBE7009987E8 /* CDVContacts.m in Sources */ = {isa = PBXBuildFile; fileRef = 8887FD2B1090FBE7009987E8 /* CDVContacts.m */; };
		8887FD701090FBE7009987E8 /* CDVFile.h in Headers */ = {isa = PBXBuildFile; fileRef = 8887FD301090FBE7009987E8 /* CDVFile.h */; settings = {ATTRIBUTES = (Public, ); }; };
		8887FD711090FBE7009987E8 /* CDVFile.m in Sources */ = {isa = PBXBuildFile; fileRef = 8887FD311090FBE7009987E8 /* CDVFile.m */; };
		8887FD741090FBE7009987E8 /* CDVInvokedUrlCommand.h in Headers */ = {isa = PBXBuildFile; fileRef = 8887FD341090FBE7009987E8 /* CDVInvokedUrlCommand.h */; settings = {ATTRIBUTES = (Public, ); }; };
		8887FD751090FBE7009987E8 /* CDVInvokedUrlCommand.m in Sources */ = {isa = PBXBuildFile; fileRef = 8887FD351090FBE7009987E8 /* CDVInvokedUrlCommand.m */; };
		8887FD851090FBE7009987E8 /* CDVLocation.h in Headers */ = {isa = PBXBuildFile; fileRef = 8887FD461090FBE7009987E8 /* CDVLocation.h */; settings = {ATTRIBUTES = (Public, ); }; };
		8887FD861090FBE7009987E8 /* CDVLocation.m in Sources */ = {isa = PBXBuildFile; fileRef = 8887FD471090FBE7009987E8 /* CDVLocation.m */; };
		8887FD8D1090FBE7009987E8 /* CDVNotification.h in Headers */ = {isa = PBXBuildFile; fileRef = 8887FD4E1090FBE7009987E8 /* CDVNotification.h */; settings = {ATTRIBUTES = (Public, ); }; };
		8887FD8E1090FBE7009987E8 /* CDVNotification.m in Sources */ = {isa = PBXBuildFile; fileRef = 8887FD4F1090FBE7009987E8 /* CDVNotification.m */; };
		8887FD8F1090FBE7009987E8 /* NSData+Base64.h in Headers */ = {isa = PBXBuildFile; fileRef = 8887FD501090FBE7009987E8 /* NSData+Base64.h */; settings = {ATTRIBUTES = (Public, ); }; };
		8887FD901090FBE7009987E8 /* NSData+Base64.m in Sources */ = {isa = PBXBuildFile; fileRef = 8887FD511090FBE7009987E8 /* NSData+Base64.m */; };
		8887FD9D1090FBE7009987E8 /* CDVReachability.h in Headers */ = {isa = PBXBuildFile; fileRef = 8887FD5E1090FBE7009987E8 /* CDVReachability.h */; settings = {ATTRIBUTES = (Public, ); }; };
		8887FD9E1090FBE7009987E8 /* CDVReachability.m in Sources */ = {isa = PBXBuildFile; fileRef = 8887FD5F1090FBE7009987E8 /* CDVReachability.m */; };
		8887FD9F1090FBE7009987E8 /* CDVSound.h in Headers */ = {isa = PBXBuildFile; fileRef = 8887FD601090FBE7009987E8 /* CDVSound.h */; settings = {ATTRIBUTES = (Public, ); }; };
		8887FDA01090FBE7009987E8 /* CDVSound.m in Sources */ = {isa = PBXBuildFile; fileRef = 8887FD611090FBE7009987E8 /* CDVSound.m */; };
		88BA573D109BB46F00FB5E78 /* CDVAccelerometer.h in Headers */ = {isa = PBXBuildFile; fileRef = 88BA573B109BB46F00FB5E78 /* CDVAccelerometer.h */; settings = {ATTRIBUTES = (Public, ); }; };
		88BA573E109BB46F00FB5E78 /* CDVAccelerometer.m in Sources */ = {isa = PBXBuildFile; fileRef = 88BA573C109BB46F00FB5E78 /* CDVAccelerometer.m */; };
		9D76CF3C1625A4C50008A0F6 /* CDVGlobalization.h in Headers */ = {isa = PBXBuildFile; fileRef = 9D76CF3A1625A4C50008A0F6 /* CDVGlobalization.h */; settings = {ATTRIBUTES = (Public, ); }; };
		9D76CF3D1625A4C50008A0F6 /* CDVGlobalization.m in Sources */ = {isa = PBXBuildFile; fileRef = 9D76CF3B1625A4C50008A0F6 /* CDVGlobalization.m */; };
		C937A4561337599E002C4C79 /* CDVFileTransfer.h in Headers */ = {isa = PBXBuildFile; fileRef = C937A4541337599E002C4C79 /* CDVFileTransfer.h */; settings = {ATTRIBUTES = (Public, ); }; };
		C937A4571337599E002C4C79 /* CDVFileTransfer.m in Sources */ = {isa = PBXBuildFile; fileRef = C937A4551337599E002C4C79 /* CDVFileTransfer.m */; };
		EB3B3547161CB44D003DBE7D /* CDVCommandQueue.h in Headers */ = {isa = PBXBuildFile; fileRef = EB3B3545161CB44D003DBE7D /* CDVCommandQueue.h */; settings = {ATTRIBUTES = (Public, ); }; };
		EB3B3548161CB44D003DBE7D /* CDVCommandQueue.m in Sources */ = {isa = PBXBuildFile; fileRef = EB3B3546161CB44D003DBE7D /* CDVCommandQueue.m */; };
		EB3B357C161F2A45003DBE7D /* CDVCommandDelegateImpl.h in Headers */ = {isa = PBXBuildFile; fileRef = EB3B357A161F2A44003DBE7D /* CDVCommandDelegateImpl.h */; settings = {ATTRIBUTES = (Public, ); }; };
		EB3B357D161F2A45003DBE7D /* CDVCommandDelegateImpl.m in Sources */ = {isa = PBXBuildFile; fileRef = EB3B357B161F2A45003DBE7D /* CDVCommandDelegateImpl.m */; };
		EB80C2AC15DEA63D004D9E7B /* CDVEcho.h in Headers */ = {isa = PBXBuildFile; fileRef = EB80C2AA15DEA63D004D9E7B /* CDVEcho.h */; settings = {ATTRIBUTES = (Public, ); }; };
		EB80C2AD15DEA63D004D9E7B /* CDVEcho.m in Sources */ = {isa = PBXBuildFile; fileRef = EB80C2AB15DEA63D004D9E7B /* CDVEcho.m */; };
		EB96673B16A8970A00D86CDF /* CDVUserAgentUtil.h in Headers */ = {isa = PBXBuildFile; fileRef = EB96673916A8970900D86CDF /* CDVUserAgentUtil.h */; settings = {ATTRIBUTES = (Public, ); }; };
		EB96673C16A8970A00D86CDF /* CDVUserAgentUtil.m in Sources */ = {isa = PBXBuildFile; fileRef = EB96673A16A8970900D86CDF /* CDVUserAgentUtil.m */; };
		EBA3557315ABD38C00F4DE24 /* NSArray+Comparisons.h in Headers */ = {isa = PBXBuildFile; fileRef = EBA3557115ABD38C00F4DE24 /* NSArray+Comparisons.h */; settings = {ATTRIBUTES = (Public, ); }; };
		EBA3557515ABD38C00F4DE24 /* NSArray+Comparisons.m in Sources */ = {isa = PBXBuildFile; fileRef = EBA3557215ABD38C00F4DE24 /* NSArray+Comparisons.m */; };
		EBFF4DBC16D3FE2E008F452B /* CDVWebViewDelegate.m in Sources */ = {isa = PBXBuildFile; fileRef = EBFF4DBA16D3FE2E008F452B /* CDVWebViewDelegate.m */; };
		EBFF4DBD16D3FE2E008F452B /* CDVWebViewDelegate.h in Headers */ = {isa = PBXBuildFile; fileRef = EBFF4DBB16D3FE2E008F452B /* CDVWebViewDelegate.h */; settings = {ATTRIBUTES = (Public, ); }; };
		F858FBC6166009A8007DA594 /* CDVConfigParser.h in Headers */ = {isa = PBXBuildFile; fileRef = F858FBC4166009A8007DA594 /* CDVConfigParser.h */; settings = {ATTRIBUTES = (Public, ); }; };
		F858FBC7166009A8007DA594 /* CDVConfigParser.m in Sources */ = {isa = PBXBuildFile; fileRef = F858FBC5166009A8007DA594 /* CDVConfigParser.m */; };
/* End PBXBuildFile section */

/* Begin PBXFileReference section */
		1F2BECBE13F9785B00A93BF6 /* CDVBattery.h */ = {isa = PBXFileReference; fileEncoding = 4; lastKnownFileType = sourcecode.c.h; name = CDVBattery.h; path = Classes/CDVBattery.h; sourceTree = "<group>"; };
		1F2BECBF13F9785B00A93BF6 /* CDVBattery.m */ = {isa = PBXFileReference; fileEncoding = 4; lastKnownFileType = sourcecode.c.objc; name = CDVBattery.m; path = Classes/CDVBattery.m; sourceTree = "<group>"; };
		1F3C04CC12BC247D004F9E10 /* CDVContact.h */ = {isa = PBXFileReference; fileEncoding = 4; lastKnownFileType = sourcecode.c.h; name = CDVContact.h; path = Classes/CDVContact.h; sourceTree = "<group>"; };
		1F3C04CD12BC247D004F9E10 /* CDVContact.m */ = {isa = PBXFileReference; fileEncoding = 4; lastKnownFileType = sourcecode.c.objc; name = CDVContact.m; path = Classes/CDVContact.m; sourceTree = "<group>"; };
		1F584B991385A28900ED25E8 /* CDVCapture.h */ = {isa = PBXFileReference; fileEncoding = 4; lastKnownFileType = sourcecode.c.h; name = CDVCapture.h; path = Classes/CDVCapture.h; sourceTree = "<group>"; };
		1F584B9A1385A28900ED25E8 /* CDVCapture.m */ = {isa = PBXFileReference; fileEncoding = 4; lastKnownFileType = sourcecode.c.objc; name = CDVCapture.m; path = Classes/CDVCapture.m; sourceTree = "<group>"; };
		1F92F49E1314023E0046367C /* CDVPluginResult.h */ = {isa = PBXFileReference; fileEncoding = 4; lastKnownFileType = sourcecode.c.h; name = CDVPluginResult.h; path = Classes/CDVPluginResult.h; sourceTree = "<group>"; };
		1F92F49F1314023E0046367C /* CDVPluginResult.m */ = {isa = PBXFileReference; fileEncoding = 4; lastKnownFileType = sourcecode.c.objc; name = CDVPluginResult.m; path = Classes/CDVPluginResult.m; sourceTree = "<group>"; };
		301F2F2914F3C9CA003FE9FC /* CDV.h */ = {isa = PBXFileReference; fileEncoding = 4; lastKnownFileType = sourcecode.c.h; name = CDV.h; path = Classes/CDV.h; sourceTree = "<group>"; };
		302965BB13A94E9D007046C5 /* CDVDebug.h */ = {isa = PBXFileReference; fileEncoding = 4; lastKnownFileType = sourcecode.c.h; name = CDVDebug.h; path = Classes/CDVDebug.h; sourceTree = "<group>"; };
		30325A0B136B343700982B63 /* VERSION */ = {isa = PBXFileReference; fileEncoding = 4; lastKnownFileType = text; path = VERSION; sourceTree = "<group>"; };
		3034979A1513D56A0090E688 /* CDVLocalStorage.h */ = {isa = PBXFileReference; fileEncoding = 4; lastKnownFileType = sourcecode.c.h; name = CDVLocalStorage.h; path = Classes/CDVLocalStorage.h; sourceTree = "<group>"; };
		3034979B1513D56A0090E688 /* CDVLocalStorage.m */ = {isa = PBXFileReference; fileEncoding = 4; lastKnownFileType = sourcecode.c.objc; name = CDVLocalStorage.m; path = Classes/CDVLocalStorage.m; sourceTree = "<group>"; };
		30392E4D14F4FCAB00B9E0B8 /* CDVAvailability.h */ = {isa = PBXFileReference; fileEncoding = 4; lastKnownFileType = sourcecode.c.h; name = CDVAvailability.h; path = Classes/CDVAvailability.h; sourceTree = "<group>"; };
		3062D11E151D0EDB000D9128 /* UIDevice+Extensions.h */ = {isa = PBXFileReference; fileEncoding = 4; lastKnownFileType = sourcecode.c.h; name = "UIDevice+Extensions.h"; path = "Classes/UIDevice+Extensions.h"; sourceTree = "<group>"; };
		3062D11F151D0EDB000D9128 /* UIDevice+Extensions.m */ = {isa = PBXFileReference; fileEncoding = 4; lastKnownFileType = sourcecode.c.objc; name = "UIDevice+Extensions.m"; path = "Classes/UIDevice+Extensions.m"; sourceTree = "<group>"; };
		3073E9E71656D37700957977 /* CDVInAppBrowser.h */ = {isa = PBXFileReference; fileEncoding = 4; lastKnownFileType = sourcecode.c.h; name = CDVInAppBrowser.h; path = Classes/CDVInAppBrowser.h; sourceTree = "<group>"; };
		3073E9E81656D37700957977 /* CDVInAppBrowser.m */ = {isa = PBXFileReference; fileEncoding = 4; lastKnownFileType = sourcecode.c.objc; name = CDVInAppBrowser.m; path = Classes/CDVInAppBrowser.m; sourceTree = "<group>"; };
		3073E9EC1656D51200957977 /* CDVScreenOrientationDelegate.h */ = {isa = PBXFileReference; fileEncoding = 4; lastKnownFileType = sourcecode.c.h; name = CDVScreenOrientationDelegate.h; path = Classes/CDVScreenOrientationDelegate.h; sourceTree = "<group>"; };
		307A8F9C1385A2EC00E43782 /* CDVConnection.h */ = {isa = PBXFileReference; fileEncoding = 4; lastKnownFileType = sourcecode.c.h; name = CDVConnection.h; path = Classes/CDVConnection.h; sourceTree = "<group>"; };
		307A8F9D1385A2EC00E43782 /* CDVConnection.m */ = {isa = PBXFileReference; fileEncoding = 4; lastKnownFileType = sourcecode.c.objc; name = CDVConnection.m; path = Classes/CDVConnection.m; sourceTree = "<group>"; };
		30B39EBC13D0268B0009682A /* CDVSplashScreen.h */ = {isa = PBXFileReference; fileEncoding = 4; lastKnownFileType = sourcecode.c.h; name = CDVSplashScreen.h; path = Classes/CDVSplashScreen.h; sourceTree = "<group>"; };
		30B39EBD13D0268B0009682A /* CDVSplashScreen.m */ = {isa = PBXFileReference; fileEncoding = 4; lastKnownFileType = sourcecode.c.objc; name = CDVSplashScreen.m; path = Classes/CDVSplashScreen.m; sourceTree = "<group>"; };
		30C5F1DD15AF9E950052A00D /* CDVDevice.h */ = {isa = PBXFileReference; fileEncoding = 4; lastKnownFileType = sourcecode.c.h; name = CDVDevice.h; path = Classes/CDVDevice.h; sourceTree = "<group>"; };
		30C5F1DE15AF9E950052A00D /* CDVDevice.m */ = {isa = PBXFileReference; fileEncoding = 4; lastKnownFileType = sourcecode.c.objc; name = CDVDevice.m; path = Classes/CDVDevice.m; sourceTree = "<group>"; };
		30C6847E1406CB38004C1A8E /* CDVWhitelist.h */ = {isa = PBXFileReference; fileEncoding = 4; lastKnownFileType = sourcecode.c.h; name = CDVWhitelist.h; path = Classes/CDVWhitelist.h; sourceTree = "<group>"; };
		30C6847F1406CB38004C1A8E /* CDVWhitelist.m */ = {isa = PBXFileReference; fileEncoding = 4; lastKnownFileType = sourcecode.c.objc; name = CDVWhitelist.m; path = Classes/CDVWhitelist.m; sourceTree = "<group>"; };
		30C684921407044A004C1A8E /* CDVURLProtocol.h */ = {isa = PBXFileReference; fileEncoding = 4; lastKnownFileType = sourcecode.c.h; name = CDVURLProtocol.h; path = Classes/CDVURLProtocol.h; sourceTree = "<group>"; };
		30C684931407044A004C1A8E /* CDVURLProtocol.m */ = {isa = PBXFileReference; fileEncoding = 4; lastKnownFileType = sourcecode.c.objc; name = CDVURLProtocol.m; path = Classes/CDVURLProtocol.m; sourceTree = "<group>"; };
		30E33AF013A7E24B00594D64 /* CDVPlugin.h */ = {isa = PBXFileReference; fileEncoding = 4; lastKnownFileType = sourcecode.c.h; name = CDVPlugin.h; path = Classes/CDVPlugin.h; sourceTree = "<group>"; };
		30E33AF113A7E24B00594D64 /* CDVPlugin.m */ = {isa = PBXFileReference; fileEncoding = 4; lastKnownFileType = sourcecode.c.objc; name = CDVPlugin.m; path = Classes/CDVPlugin.m; sourceTree = "<group>"; };
		30E563CD13E217EC00C949AA /* NSMutableArray+QueueAdditions.h */ = {isa = PBXFileReference; fileEncoding = 4; lastKnownFileType = sourcecode.c.h; name = "NSMutableArray+QueueAdditions.h"; path = "Classes/NSMutableArray+QueueAdditions.h"; sourceTree = "<group>"; };
		30E563CE13E217EC00C949AA /* NSMutableArray+QueueAdditions.m */ = {isa = PBXFileReference; fileEncoding = 4; lastKnownFileType = sourcecode.c.objc; name = "NSMutableArray+QueueAdditions.m"; path = "Classes/NSMutableArray+QueueAdditions.m"; sourceTree = "<group>"; };
		30F39309169F839700B22307 /* CDVJSON.h */ = {isa = PBXFileReference; fileEncoding = 4; lastKnownFileType = sourcecode.c.h; name = CDVJSON.h; path = Classes/CDVJSON.h; sourceTree = "<group>"; };
		30F3930A169F839700B22307 /* CDVJSON.m */ = {isa = PBXFileReference; fileEncoding = 4; lastKnownFileType = sourcecode.c.objc; name = CDVJSON.m; path = Classes/CDVJSON.m; sourceTree = "<group>"; };
		30F5EBA914CA26E700987760 /* CDVCommandDelegate.h */ = {isa = PBXFileReference; fileEncoding = 4; lastKnownFileType = sourcecode.c.h; name = CDVCommandDelegate.h; path = Classes/CDVCommandDelegate.h; sourceTree = "<group>"; };
		3E76876B156A90EE00EB6FA3 /* CDVLogger.m */ = {isa = PBXFileReference; fileEncoding = 4; lastKnownFileType = sourcecode.c.objc; name = CDVLogger.m; path = Classes/CDVLogger.m; sourceTree = "<group>"; };
		3E76876C156A90EE00EB6FA3 /* CDVLogger.h */ = {isa = PBXFileReference; fileEncoding = 4; lastKnownFileType = sourcecode.c.h; name = CDVLogger.h; path = Classes/CDVLogger.h; sourceTree = "<group>"; };
		686357AA141002F100DF4CF2 /* UIKit.framework */ = {isa = PBXFileReference; lastKnownFileType = wrapper.framework; name = UIKit.framework; path = System/Library/Frameworks/UIKit.framework; sourceTree = SDKROOT; };
		686357AC141002F100DF4CF2 /* Foundation.framework */ = {isa = PBXFileReference; lastKnownFileType = wrapper.framework; name = Foundation.framework; path = System/Library/Frameworks/Foundation.framework; sourceTree = SDKROOT; };
		686357AE141002F100DF4CF2 /* CoreGraphics.framework */ = {isa = PBXFileReference; lastKnownFileType = wrapper.framework; name = CoreGraphics.framework; path = System/Library/Frameworks/CoreGraphics.framework; sourceTree = SDKROOT; };
		686357CC14100AAD00DF4CF2 /* AddressBookUI.framework */ = {isa = PBXFileReference; lastKnownFileType = wrapper.framework; name = AddressBookUI.framework; path = System/Library/Frameworks/AddressBookUI.framework; sourceTree = SDKROOT; };
		686357CE14100ADA00DF4CF2 /* AudioToolbox.framework */ = {isa = PBXFileReference; lastKnownFileType = wrapper.framework; name = AudioToolbox.framework; path = System/Library/Frameworks/AudioToolbox.framework; sourceTree = SDKROOT; };
		686357CF14100ADB00DF4CF2 /* AVFoundation.framework */ = {isa = PBXFileReference; lastKnownFileType = wrapper.framework; name = AVFoundation.framework; path = System/Library/Frameworks/AVFoundation.framework; sourceTree = SDKROOT; };
		686357D014100ADE00DF4CF2 /* CoreLocation.framework */ = {isa = PBXFileReference; lastKnownFileType = wrapper.framework; name = CoreLocation.framework; path = System/Library/Frameworks/CoreLocation.framework; sourceTree = SDKROOT; };
		686357D214100AE700DF4CF2 /* MobileCoreServices.framework */ = {isa = PBXFileReference; lastKnownFileType = wrapper.framework; name = MobileCoreServices.framework; path = System/Library/Frameworks/MobileCoreServices.framework; sourceTree = SDKROOT; };
		686357D414100AF200DF4CF2 /* SystemConfiguration.framework */ = {isa = PBXFileReference; lastKnownFileType = wrapper.framework; name = SystemConfiguration.framework; path = System/Library/Frameworks/SystemConfiguration.framework; sourceTree = SDKROOT; };
		686357DC14100B1600DF4CF2 /* CoreMedia.framework */ = {isa = PBXFileReference; lastKnownFileType = wrapper.framework; name = CoreMedia.framework; path = System/Library/Frameworks/CoreMedia.framework; sourceTree = SDKROOT; };
		68A32D7114102E1C006B237C /* libCordova.a */ = {isa = PBXFileReference; explicitFileType = archive.ar; includeInIndex = 0; path = libCordova.a; sourceTree = BUILT_PRODUCTS_DIR; };
		68A32D7414103017006B237C /* AddressBook.framework */ = {isa = PBXFileReference; lastKnownFileType = wrapper.framework; name = AddressBook.framework; path = System/Library/Frameworks/AddressBook.framework; sourceTree = SDKROOT; };
		68B7516A16FD18190076A8B4 /* CDVExif.h */ = {isa = PBXFileReference; fileEncoding = 4; lastKnownFileType = sourcecode.c.h; name = CDVExif.h; path = Classes/CDVExif.h; sourceTree = "<group>"; };
		68B7516B16FD18190076A8B4 /* CDVJpegHeaderWriter.h */ = {isa = PBXFileReference; fileEncoding = 4; lastKnownFileType = sourcecode.c.h; name = CDVJpegHeaderWriter.h; path = Classes/CDVJpegHeaderWriter.h; sourceTree = "<group>"; };
		68B7516C16FD18190076A8B4 /* CDVJpegHeaderWriter.m */ = {isa = PBXFileReference; fileEncoding = 4; lastKnownFileType = sourcecode.c.objc; name = CDVJpegHeaderWriter.m; path = Classes/CDVJpegHeaderWriter.m; sourceTree = "<group>"; };
		7E14B5A61705050A0032169E /* CDVTimer.h */ = {isa = PBXFileReference; fileEncoding = 4; lastKnownFileType = sourcecode.c.h; name = CDVTimer.h; path = Classes/CDVTimer.h; sourceTree = "<group>"; };
		7E14B5A71705050A0032169E /* CDVTimer.m */ = {isa = PBXFileReference; fileEncoding = 4; lastKnownFileType = sourcecode.c.objc; name = CDVTimer.m; path = Classes/CDVTimer.m; sourceTree = "<group>"; };
		8220B5C316D5427E00EC3921 /* AssetsLibrary.framework */ = {isa = PBXFileReference; lastKnownFileType = wrapper.framework; name = AssetsLibrary.framework; path = System/Library/Frameworks/AssetsLibrary.framework; sourceTree = SDKROOT; };
		8852C43614B65FD800F0E735 /* CDVViewController.h */ = {isa = PBXFileReference; fileEncoding = 4; lastKnownFileType = sourcecode.c.h; name = CDVViewController.h; path = Classes/CDVViewController.h; sourceTree = "<group>"; };
		8852C43714B65FD800F0E735 /* CDVViewController.m */ = {isa = PBXFileReference; fileEncoding = 4; lastKnownFileType = sourcecode.c.objc; name = CDVViewController.m; path = Classes/CDVViewController.m; sourceTree = "<group>"; };
		8887FD261090FBE7009987E8 /* CDVCamera.h */ = {isa = PBXFileReference; fileEncoding = 4; lastKnownFileType = sourcecode.c.h; name = CDVCamera.h; path = Classes/CDVCamera.h; sourceTree = "<group>"; };
		8887FD271090FBE7009987E8 /* CDVCamera.m */ = {isa = PBXFileReference; fileEncoding = 4; lastKnownFileType = sourcecode.c.objc; name = CDVCamera.m; path = Classes/CDVCamera.m; sourceTree = "<group>"; };
		8887FD281090FBE7009987E8 /* NSDictionary+Extensions.h */ = {isa = PBXFileReference; fileEncoding = 4; lastKnownFileType = sourcecode.c.h; name = "NSDictionary+Extensions.h"; path = "Classes/NSDictionary+Extensions.h"; sourceTree = "<group>"; };
		8887FD291090FBE7009987E8 /* NSDictionary+Extensions.m */ = {isa = PBXFileReference; fileEncoding = 4; lastKnownFileType = sourcecode.c.objc; name = "NSDictionary+Extensions.m"; path = "Classes/NSDictionary+Extensions.m"; sourceTree = "<group>"; };
		8887FD2A1090FBE7009987E8 /* CDVContacts.h */ = {isa = PBXFileReference; fileEncoding = 4; lastKnownFileType = sourcecode.c.h; name = CDVContacts.h; path = Classes/CDVContacts.h; sourceTree = "<group>"; };
		8887FD2B1090FBE7009987E8 /* CDVContacts.m */ = {isa = PBXFileReference; fileEncoding = 4; lastKnownFileType = sourcecode.c.objc; name = CDVContacts.m; path = Classes/CDVContacts.m; sourceTree = "<group>"; };
		8887FD301090FBE7009987E8 /* CDVFile.h */ = {isa = PBXFileReference; fileEncoding = 4; lastKnownFileType = sourcecode.c.h; name = CDVFile.h; path = Classes/CDVFile.h; sourceTree = "<group>"; };
		8887FD311090FBE7009987E8 /* CDVFile.m */ = {isa = PBXFileReference; fileEncoding = 4; lastKnownFileType = sourcecode.c.objc; name = CDVFile.m; path = Classes/CDVFile.m; sourceTree = "<group>"; };
		8887FD341090FBE7009987E8 /* CDVInvokedUrlCommand.h */ = {isa = PBXFileReference; fileEncoding = 4; lastKnownFileType = sourcecode.c.h; name = CDVInvokedUrlCommand.h; path = Classes/CDVInvokedUrlCommand.h; sourceTree = "<group>"; };
		8887FD351090FBE7009987E8 /* CDVInvokedUrlCommand.m */ = {isa = PBXFileReference; fileEncoding = 4; lastKnownFileType = sourcecode.c.objc; name = CDVInvokedUrlCommand.m; path = Classes/CDVInvokedUrlCommand.m; sourceTree = "<group>"; };
		8887FD461090FBE7009987E8 /* CDVLocation.h */ = {isa = PBXFileReference; fileEncoding = 4; lastKnownFileType = sourcecode.c.h; name = CDVLocation.h; path = Classes/CDVLocation.h; sourceTree = "<group>"; };
		8887FD471090FBE7009987E8 /* CDVLocation.m */ = {isa = PBXFileReference; fileEncoding = 4; lastKnownFileType = sourcecode.c.objc; name = CDVLocation.m; path = Classes/CDVLocation.m; sourceTree = "<group>"; };
		8887FD4E1090FBE7009987E8 /* CDVNotification.h */ = {isa = PBXFileReference; fileEncoding = 4; lastKnownFileType = sourcecode.c.h; name = CDVNotification.h; path = Classes/CDVNotification.h; sourceTree = "<group>"; };
		8887FD4F1090FBE7009987E8 /* CDVNotification.m */ = {isa = PBXFileReference; fileEncoding = 4; lastKnownFileType = sourcecode.c.objc; name = CDVNotification.m; path = Classes/CDVNotification.m; sourceTree = "<group>"; };
		8887FD501090FBE7009987E8 /* NSData+Base64.h */ = {isa = PBXFileReference; fileEncoding = 4; lastKnownFileType = sourcecode.c.h; name = "NSData+Base64.h"; path = "Classes/NSData+Base64.h"; sourceTree = "<group>"; };
		8887FD511090FBE7009987E8 /* NSData+Base64.m */ = {isa = PBXFileReference; fileEncoding = 4; lastKnownFileType = sourcecode.c.objc; name = "NSData+Base64.m"; path = "Classes/NSData+Base64.m"; sourceTree = "<group>"; };
		8887FD5E1090FBE7009987E8 /* CDVReachability.h */ = {isa = PBXFileReference; fileEncoding = 4; lastKnownFileType = sourcecode.c.h; name = CDVReachability.h; path = Classes/CDVReachability.h; sourceTree = "<group>"; };
		8887FD5F1090FBE7009987E8 /* CDVReachability.m */ = {isa = PBXFileReference; fileEncoding = 4; lastKnownFileType = sourcecode.c.objc; name = CDVReachability.m; path = Classes/CDVReachability.m; sourceTree = "<group>"; };
		8887FD601090FBE7009987E8 /* CDVSound.h */ = {isa = PBXFileReference; fileEncoding = 4; lastKnownFileType = sourcecode.c.h; name = CDVSound.h; path = Classes/CDVSound.h; sourceTree = "<group>"; };
		8887FD611090FBE7009987E8 /* CDVSound.m */ = {isa = PBXFileReference; fileEncoding = 4; lastKnownFileType = sourcecode.c.objc; name = CDVSound.m; path = Classes/CDVSound.m; sourceTree = "<group>"; };
		88BA573B109BB46F00FB5E78 /* CDVAccelerometer.h */ = {isa = PBXFileReference; fileEncoding = 4; lastKnownFileType = sourcecode.c.h; name = CDVAccelerometer.h; path = Classes/CDVAccelerometer.h; sourceTree = "<group>"; };
		88BA573C109BB46F00FB5E78 /* CDVAccelerometer.m */ = {isa = PBXFileReference; fileEncoding = 4; lastKnownFileType = sourcecode.c.objc; name = CDVAccelerometer.m; path = Classes/CDVAccelerometer.m; sourceTree = "<group>"; };
		9D76CF3A1625A4C50008A0F6 /* CDVGlobalization.h */ = {isa = PBXFileReference; fileEncoding = 4; lastKnownFileType = sourcecode.c.h; name = CDVGlobalization.h; path = Classes/CDVGlobalization.h; sourceTree = "<group>"; };
		9D76CF3B1625A4C50008A0F6 /* CDVGlobalization.m */ = {isa = PBXFileReference; fileEncoding = 4; lastKnownFileType = sourcecode.c.objc; name = CDVGlobalization.m; path = Classes/CDVGlobalization.m; sourceTree = "<group>"; };
		AA747D9E0F9514B9006C5449 /* CordovaLib_Prefix.pch */ = {isa = PBXFileReference; fileEncoding = 4; lastKnownFileType = sourcecode.c.h; path = CordovaLib_Prefix.pch; sourceTree = SOURCE_ROOT; };
		C937A4541337599E002C4C79 /* CDVFileTransfer.h */ = {isa = PBXFileReference; fileEncoding = 4; lastKnownFileType = sourcecode.c.h; name = CDVFileTransfer.h; path = Classes/CDVFileTransfer.h; sourceTree = "<group>"; };
		C937A4551337599E002C4C79 /* CDVFileTransfer.m */ = {isa = PBXFileReference; fileEncoding = 4; lastKnownFileType = sourcecode.c.objc; name = CDVFileTransfer.m; path = Classes/CDVFileTransfer.m; sourceTree = "<group>"; };
		EB3B3545161CB44D003DBE7D /* CDVCommandQueue.h */ = {isa = PBXFileReference; fileEncoding = 4; lastKnownFileType = sourcecode.c.h; name = CDVCommandQueue.h; path = Classes/CDVCommandQueue.h; sourceTree = "<group>"; };
		EB3B3546161CB44D003DBE7D /* CDVCommandQueue.m */ = {isa = PBXFileReference; fileEncoding = 4; lastKnownFileType = sourcecode.c.objc; name = CDVCommandQueue.m; path = Classes/CDVCommandQueue.m; sourceTree = "<group>"; };
		EB3B357A161F2A44003DBE7D /* CDVCommandDelegateImpl.h */ = {isa = PBXFileReference; fileEncoding = 4; lastKnownFileType = sourcecode.c.h; name = CDVCommandDelegateImpl.h; path = Classes/CDVCommandDelegateImpl.h; sourceTree = "<group>"; };
		EB3B357B161F2A45003DBE7D /* CDVCommandDelegateImpl.m */ = {isa = PBXFileReference; fileEncoding = 4; lastKnownFileType = sourcecode.c.objc; name = CDVCommandDelegateImpl.m; path = Classes/CDVCommandDelegateImpl.m; sourceTree = "<group>"; };
		EB80C2AA15DEA63D004D9E7B /* CDVEcho.h */ = {isa = PBXFileReference; fileEncoding = 4; lastKnownFileType = sourcecode.c.h; name = CDVEcho.h; path = Classes/CDVEcho.h; sourceTree = "<group>"; };
		EB80C2AB15DEA63D004D9E7B /* CDVEcho.m */ = {isa = PBXFileReference; fileEncoding = 4; lastKnownFileType = sourcecode.c.objc; name = CDVEcho.m; path = Classes/CDVEcho.m; sourceTree = "<group>"; };
		EB96673916A8970900D86CDF /* CDVUserAgentUtil.h */ = {isa = PBXFileReference; fileEncoding = 4; lastKnownFileType = sourcecode.c.h; name = CDVUserAgentUtil.h; path = Classes/CDVUserAgentUtil.h; sourceTree = "<group>"; };
		EB96673A16A8970900D86CDF /* CDVUserAgentUtil.m */ = {isa = PBXFileReference; fileEncoding = 4; lastKnownFileType = sourcecode.c.objc; name = CDVUserAgentUtil.m; path = Classes/CDVUserAgentUtil.m; sourceTree = "<group>"; };
		EBA3557115ABD38C00F4DE24 /* NSArray+Comparisons.h */ = {isa = PBXFileReference; fileEncoding = 4; lastKnownFileType = sourcecode.c.h; name = "NSArray+Comparisons.h"; path = "Classes/NSArray+Comparisons.h"; sourceTree = "<group>"; };
		EBA3557215ABD38C00F4DE24 /* NSArray+Comparisons.m */ = {isa = PBXFileReference; fileEncoding = 4; lastKnownFileType = sourcecode.c.objc; name = "NSArray+Comparisons.m"; path = "Classes/NSArray+Comparisons.m"; sourceTree = "<group>"; };
		EBFF4DBA16D3FE2E008F452B /* CDVWebViewDelegate.m */ = {isa = PBXFileReference; fileEncoding = 4; lastKnownFileType = sourcecode.c.objc; name = CDVWebViewDelegate.m; path = Classes/CDVWebViewDelegate.m; sourceTree = "<group>"; };
		EBFF4DBB16D3FE2E008F452B /* CDVWebViewDelegate.h */ = {isa = PBXFileReference; fileEncoding = 4; lastKnownFileType = sourcecode.c.h; name = CDVWebViewDelegate.h; path = Classes/CDVWebViewDelegate.h; sourceTree = "<group>"; };
		F858FBC4166009A8007DA594 /* CDVConfigParser.h */ = {isa = PBXFileReference; fileEncoding = 4; lastKnownFileType = sourcecode.c.h; name = CDVConfigParser.h; path = Classes/CDVConfigParser.h; sourceTree = "<group>"; };
		F858FBC5166009A8007DA594 /* CDVConfigParser.m */ = {isa = PBXFileReference; fileEncoding = 4; lastKnownFileType = sourcecode.c.objc; name = CDVConfigParser.m; path = Classes/CDVConfigParser.m; sourceTree = "<group>"; };
/* End PBXFileReference section */

/* Begin PBXFrameworksBuildPhase section */
		D2AAC07C0554694100DB518D /* Frameworks */ = {
			isa = PBXFrameworksBuildPhase;
			buildActionMask = 2147483647;
			files = (
			);
			runOnlyForDeploymentPostprocessing = 0;
		};
/* End PBXFrameworksBuildPhase section */

/* Begin PBXGroup section */
		034768DFFF38A50411DB9C8B /* Products */ = {
			isa = PBXGroup;
			children = (
				68A32D7114102E1C006B237C /* libCordova.a */,
			);
			name = Products;
			sourceTree = CORDOVALIB;
		};
		0867D691FE84028FC02AAC07 /* CordovaLib */ = {
			isa = PBXGroup;
			children = (
				8887FD101090FB43009987E8 /* Classes */,
				32C88DFF0371C24200C91783 /* Other Sources */,
				0867D69AFE84028FC02AAC07 /* Frameworks */,
				034768DFFF38A50411DB9C8B /* Products */,
				30325A0B136B343700982B63 /* VERSION */,
			);
			name = CordovaLib;
			sourceTree = "<group>";
		};
		0867D69AFE84028FC02AAC07 /* Frameworks */ = {
			isa = PBXGroup;
			children = (
				68A32D7414103017006B237C /* AddressBook.framework */,
				8220B5C316D5427E00EC3921 /* AssetsLibrary.framework */,
				686357DC14100B1600DF4CF2 /* CoreMedia.framework */,
				686357CE14100ADA00DF4CF2 /* AudioToolbox.framework */,
				686357CF14100ADB00DF4CF2 /* AVFoundation.framework */,
				686357D014100ADE00DF4CF2 /* CoreLocation.framework */,
				686357D214100AE700DF4CF2 /* MobileCoreServices.framework */,
				686357D414100AF200DF4CF2 /* SystemConfiguration.framework */,
				686357CC14100AAD00DF4CF2 /* AddressBookUI.framework */,
				686357AA141002F100DF4CF2 /* UIKit.framework */,
				686357AC141002F100DF4CF2 /* Foundation.framework */,
				686357AE141002F100DF4CF2 /* CoreGraphics.framework */,
			);
			name = Frameworks;
			sourceTree = "<group>";
		};
		3054098714B77FF3009841CA /* Cleaver */ = {
			isa = PBXGroup;
			children = (
				F858FBC4166009A8007DA594 /* CDVConfigParser.h */,
				F858FBC5166009A8007DA594 /* CDVConfigParser.m */,
				8852C43614B65FD800F0E735 /* CDVViewController.h */,
				8852C43714B65FD800F0E735 /* CDVViewController.m */,
				EB3B3545161CB44D003DBE7D /* CDVCommandQueue.h */,
				EB3B3546161CB44D003DBE7D /* CDVCommandQueue.m */,
			);
			name = Cleaver;
			sourceTree = "<group>";
		};
		32C88DFF0371C24200C91783 /* Other Sources */ = {
			isa = PBXGroup;
			children = (
				AA747D9E0F9514B9006C5449 /* CordovaLib_Prefix.pch */,
			);
			name = "Other Sources";
			sourceTree = "<group>";
		};
		888700D710922F56009987E8 /* Commands */ = {
			isa = PBXGroup;
			children = (
				EBFF4DBA16D3FE2E008F452B /* CDVWebViewDelegate.m */,
				EBFF4DBB16D3FE2E008F452B /* CDVWebViewDelegate.h */,
				30C5F1DD15AF9E950052A00D /* CDVDevice.h */,
				30C5F1DE15AF9E950052A00D /* CDVDevice.m */,
				301F2F2914F3C9CA003FE9FC /* CDV.h */,
				3034979A1513D56A0090E688 /* CDVLocalStorage.h */,
				3034979B1513D56A0090E688 /* CDVLocalStorage.m */,
				30392E4D14F4FCAB00B9E0B8 /* CDVAvailability.h */,
				30F5EBA914CA26E700987760 /* CDVCommandDelegate.h */,
				EB3B357A161F2A44003DBE7D /* CDVCommandDelegateImpl.h */,
				EB3B357B161F2A45003DBE7D /* CDVCommandDelegateImpl.m */,
				30C684921407044A004C1A8E /* CDVURLProtocol.h */,
				30C684931407044A004C1A8E /* CDVURLProtocol.m */,
				30C6847E1406CB38004C1A8E /* CDVWhitelist.h */,
				30C6847F1406CB38004C1A8E /* CDVWhitelist.m */,
				1F2BECBE13F9785B00A93BF6 /* CDVBattery.h */,
				1F2BECBF13F9785B00A93BF6 /* CDVBattery.m */,
				30B39EBC13D0268B0009682A /* CDVSplashScreen.h */,
				30B39EBD13D0268B0009682A /* CDVSplashScreen.m */,
				30E33AF013A7E24B00594D64 /* CDVPlugin.h */,
				30E33AF113A7E24B00594D64 /* CDVPlugin.m */,
				307A8F9C1385A2EC00E43782 /* CDVConnection.h */,
				307A8F9D1385A2EC00E43782 /* CDVConnection.m */,
				1F92F49E1314023E0046367C /* CDVPluginResult.h */,
				1F92F49F1314023E0046367C /* CDVPluginResult.m */,
				88BA573B109BB46F00FB5E78 /* CDVAccelerometer.h */,
				88BA573C109BB46F00FB5E78 /* CDVAccelerometer.m */,
				8887FD261090FBE7009987E8 /* CDVCamera.h */,
				8887FD271090FBE7009987E8 /* CDVCamera.m */,
				1F584B991385A28900ED25E8 /* CDVCapture.h */,
				1F584B9A1385A28900ED25E8 /* CDVCapture.m */,
				68B7516A16FD18190076A8B4 /* CDVExif.h */,
				68B7516B16FD18190076A8B4 /* CDVJpegHeaderWriter.h */,
				68B7516C16FD18190076A8B4 /* CDVJpegHeaderWriter.m */,
				1F3C04CC12BC247D004F9E10 /* CDVContact.h */,
				1F3C04CD12BC247D004F9E10 /* CDVContact.m */,
				8887FD2A1090FBE7009987E8 /* CDVContacts.h */,
				8887FD2B1090FBE7009987E8 /* CDVContacts.m */,
				EB80C2AA15DEA63D004D9E7B /* CDVEcho.h */,
				EB80C2AB15DEA63D004D9E7B /* CDVEcho.m */,
				8887FD301090FBE7009987E8 /* CDVFile.h */,
				8887FD311090FBE7009987E8 /* CDVFile.m */,
				8887FD341090FBE7009987E8 /* CDVInvokedUrlCommand.h */,
				8887FD351090FBE7009987E8 /* CDVInvokedUrlCommand.m */,
				C937A4541337599E002C4C79 /* CDVFileTransfer.h */,
				C937A4551337599E002C4C79 /* CDVFileTransfer.m */,
				8887FD461090FBE7009987E8 /* CDVLocation.h */,
				8887FD471090FBE7009987E8 /* CDVLocation.m */,
				8887FD4E1090FBE7009987E8 /* CDVNotification.h */,
				8887FD4F1090FBE7009987E8 /* CDVNotification.m */,
				8887FD5E1090FBE7009987E8 /* CDVReachability.h */,
				8887FD5F1090FBE7009987E8 /* CDVReachability.m */,
				8887FD601090FBE7009987E8 /* CDVSound.h */,
				8887FD611090FBE7009987E8 /* CDVSound.m */,
				3E76876B156A90EE00EB6FA3 /* CDVLogger.m */,
				3E76876C156A90EE00EB6FA3 /* CDVLogger.h */,
				9D76CF3A1625A4C50008A0F6 /* CDVGlobalization.h */,
				9D76CF3B1625A4C50008A0F6 /* CDVGlobalization.m */,
				3073E9E71656D37700957977 /* CDVInAppBrowser.h */,
				3073E9E81656D37700957977 /* CDVInAppBrowser.m */,
				3073E9EC1656D51200957977 /* CDVScreenOrientationDelegate.h */,
				30F39309169F839700B22307 /* CDVJSON.h */,
				30F3930A169F839700B22307 /* CDVJSON.m */,
				EB96673916A8970900D86CDF /* CDVUserAgentUtil.h */,
				EB96673A16A8970900D86CDF /* CDVUserAgentUtil.m */,
			);
			name = Commands;
			sourceTree = "<group>";
		};
		888700D910923009009987E8 /* Util */ = {
			isa = PBXGroup;
			children = (
				3062D11E151D0EDB000D9128 /* UIDevice+Extensions.h */,
				3062D11F151D0EDB000D9128 /* UIDevice+Extensions.m */,
				EBA3557115ABD38C00F4DE24 /* NSArray+Comparisons.h */,
				EBA3557215ABD38C00F4DE24 /* NSArray+Comparisons.m */,
				8887FD281090FBE7009987E8 /* NSDictionary+Extensions.h */,
				8887FD291090FBE7009987E8 /* NSDictionary+Extensions.m */,
				302965BB13A94E9D007046C5 /* CDVDebug.h */,
				30E563CD13E217EC00C949AA /* NSMutableArray+QueueAdditions.h */,
				30E563CE13E217EC00C949AA /* NSMutableArray+QueueAdditions.m */,
				8887FD501090FBE7009987E8 /* NSData+Base64.h */,
				8887FD511090FBE7009987E8 /* NSData+Base64.m */,
				7E14B5A61705050A0032169E /* CDVTimer.h */,
				7E14B5A71705050A0032169E /* CDVTimer.m */,
			);
			name = Util;
			sourceTree = "<group>";
		};
		8887FD101090FB43009987E8 /* Classes */ = {
			isa = PBXGroup;
			children = (
				3054098714B77FF3009841CA /* Cleaver */,
				888700D710922F56009987E8 /* Commands */,
				888700D910923009009987E8 /* Util */,
			);
			name = Classes;
			sourceTree = "<group>";
		};
/* End PBXGroup section */

/* Begin PBXHeadersBuildPhase section */
		D2AAC07A0554694100DB518D /* Headers */ = {
			isa = PBXHeadersBuildPhase;
			buildActionMask = 2147483647;
			files = (
				68B7517016FD19F80076A8B4 /* CDVExif.h in Headers */,
				68B7516E16FD18190076A8B4 /* CDVJpegHeaderWriter.h in Headers */,
				8887FD661090FBE7009987E8 /* CDVCamera.h in Headers */,
				8887FD681090FBE7009987E8 /* NSDictionary+Extensions.h in Headers */,
				8887FD6A1090FBE7009987E8 /* CDVContacts.h in Headers */,
				8887FD701090FBE7009987E8 /* CDVFile.h in Headers */,
				8887FD741090FBE7009987E8 /* CDVInvokedUrlCommand.h in Headers */,
				8887FD851090FBE7009987E8 /* CDVLocation.h in Headers */,
				8887FD8D1090FBE7009987E8 /* CDVNotification.h in Headers */,
				8887FD8F1090FBE7009987E8 /* NSData+Base64.h in Headers */,
				8887FD9D1090FBE7009987E8 /* CDVReachability.h in Headers */,
				8887FD9F1090FBE7009987E8 /* CDVSound.h in Headers */,
				88BA573D109BB46F00FB5E78 /* CDVAccelerometer.h in Headers */,
				1F3C04CE12BC247D004F9E10 /* CDVContact.h in Headers */,
				1F92F4A01314023E0046367C /* CDVPluginResult.h in Headers */,
				C937A4561337599E002C4C79 /* CDVFileTransfer.h in Headers */,
				307A8F9E1385A2EC00E43782 /* CDVConnection.h in Headers */,
				1F584B9B1385A28A00ED25E8 /* CDVCapture.h in Headers */,
				30E33AF213A7E24B00594D64 /* CDVPlugin.h in Headers */,
				302965BC13A94E9D007046C5 /* CDVDebug.h in Headers */,
				30B39EBE13D0268B0009682A /* CDVSplashScreen.h in Headers */,
				30E563CF13E217EC00C949AA /* NSMutableArray+QueueAdditions.h in Headers */,
				1F2BECC013F9785B00A93BF6 /* CDVBattery.h in Headers */,
				30C684801406CB38004C1A8E /* CDVWhitelist.h in Headers */,
				30C684941407044B004C1A8E /* CDVURLProtocol.h in Headers */,
				8852C43A14B65FD800F0E735 /* CDVViewController.h in Headers */,
				30F5EBAB14CA26E700987760 /* CDVCommandDelegate.h in Headers */,
				301F2F2A14F3C9CA003FE9FC /* CDV.h in Headers */,
				30392E4E14F4FCAB00B9E0B8 /* CDVAvailability.h in Headers */,
				3034979C1513D56A0090E688 /* CDVLocalStorage.h in Headers */,
				3062D120151D0EDB000D9128 /* UIDevice+Extensions.h in Headers */,
				3E76876F156A90EE00EB6FA3 /* CDVLogger.h in Headers */,
				EBA3557315ABD38C00F4DE24 /* NSArray+Comparisons.h in Headers */,
				30C5F1DF15AF9E950052A00D /* CDVDevice.h in Headers */,
				EB80C2AC15DEA63D004D9E7B /* CDVEcho.h in Headers */,
				EB3B3547161CB44D003DBE7D /* CDVCommandQueue.h in Headers */,
				EB3B357C161F2A45003DBE7D /* CDVCommandDelegateImpl.h in Headers */,
				9D76CF3C1625A4C50008A0F6 /* CDVGlobalization.h in Headers */,
				3073E9E91656D37700957977 /* CDVInAppBrowser.h in Headers */,
				3073E9ED1656D51200957977 /* CDVScreenOrientationDelegate.h in Headers */,
				F858FBC6166009A8007DA594 /* CDVConfigParser.h in Headers */,
				30F3930B169F839700B22307 /* CDVJSON.h in Headers */,
				EBFF4DBD16D3FE2E008F452B /* CDVWebViewDelegate.h in Headers */,
				EB96673B16A8970A00D86CDF /* CDVUserAgentUtil.h in Headers */,
				7E14B5A81705050A0032169E /* CDVTimer.h in Headers */,
			);
			runOnlyForDeploymentPostprocessing = 0;
		};
/* End PBXHeadersBuildPhase section */

/* Begin PBXNativeTarget section */
		D2AAC07D0554694100DB518D /* CordovaLib */ = {
			isa = PBXNativeTarget;
			buildConfigurationList = 1DEB921E08733DC00010E9CD /* Build configuration list for PBXNativeTarget "CordovaLib" */;
			buildPhases = (
				D2AAC07A0554694100DB518D /* Headers */,
				D2AAC07B0554694100DB518D /* Sources */,
				D2AAC07C0554694100DB518D /* Frameworks */,
			);
			buildRules = (
			);
			dependencies = (
			);
			name = CordovaLib;
			productName = CordovaLib;
			productReference = 68A32D7114102E1C006B237C /* libCordova.a */;
			productType = "com.apple.product-type.library.static";
		};
/* End PBXNativeTarget section */

/* Begin PBXProject section */
		0867D690FE84028FC02AAC07 /* Project object */ = {
			isa = PBXProject;
			attributes = {
				LastUpgradeCheck = 0460;
			};
			buildConfigurationList = 1DEB922208733DC00010E9CD /* Build configuration list for PBXProject "CordovaLib" */;
			compatibilityVersion = "Xcode 3.2";
			developmentRegion = English;
			hasScannedForEncodings = 1;
			knownRegions = (
				English,
				Japanese,
				French,
				German,
				en,
			);
			mainGroup = 0867D691FE84028FC02AAC07 /* CordovaLib */;
			productRefGroup = 034768DFFF38A50411DB9C8B /* Products */;
			projectDirPath = "";
			projectRoot = "";
			targets = (
				D2AAC07D0554694100DB518D /* CordovaLib */,
			);
		};
/* End PBXProject section */

/* Begin PBXSourcesBuildPhase section */
		D2AAC07B0554694100DB518D /* Sources */ = {
			isa = PBXSourcesBuildPhase;
			buildActionMask = 2147483647;
			files = (
				8887FD671090FBE7009987E8 /* CDVCamera.m in Sources */,
				8887FD691090FBE7009987E8 /* NSDictionary+Extensions.m in Sources */,
				8887FD6B1090FBE7009987E8 /* CDVContacts.m in Sources */,
				8887FD711090FBE7009987E8 /* CDVFile.m in Sources */,
				8887FD751090FBE7009987E8 /* CDVInvokedUrlCommand.m in Sources */,
				8887FD861090FBE7009987E8 /* CDVLocation.m in Sources */,
				8887FD8E1090FBE7009987E8 /* CDVNotification.m in Sources */,
				8887FD901090FBE7009987E8 /* NSData+Base64.m in Sources */,
				8887FD9E1090FBE7009987E8 /* CDVReachability.m in Sources */,
				8887FDA01090FBE7009987E8 /* CDVSound.m in Sources */,
				88BA573E109BB46F00FB5E78 /* CDVAccelerometer.m in Sources */,
				1F3C04CF12BC247D004F9E10 /* CDVContact.m in Sources */,
				1F92F4A11314023E0046367C /* CDVPluginResult.m in Sources */,
				C937A4571337599E002C4C79 /* CDVFileTransfer.m in Sources */,
				307A8F9F1385A2EC00E43782 /* CDVConnection.m in Sources */,
				1F584B9C1385A28A00ED25E8 /* CDVCapture.m in Sources */,
				30E33AF313A7E24B00594D64 /* CDVPlugin.m in Sources */,
				30B39EBF13D0268B0009682A /* CDVSplashScreen.m in Sources */,
				30E563D013E217EC00C949AA /* NSMutableArray+QueueAdditions.m in Sources */,
				1F2BECC113F9785B00A93BF6 /* CDVBattery.m in Sources */,
				30C684821406CB38004C1A8E /* CDVWhitelist.m in Sources */,
				30C684961407044B004C1A8E /* CDVURLProtocol.m in Sources */,
				8852C43C14B65FD800F0E735 /* CDVViewController.m in Sources */,
				3034979E1513D56A0090E688 /* CDVLocalStorage.m in Sources */,
				3062D122151D0EDB000D9128 /* UIDevice+Extensions.m in Sources */,
				3E76876D156A90EE00EB6FA3 /* CDVLogger.m in Sources */,
				EBA3557515ABD38C00F4DE24 /* NSArray+Comparisons.m in Sources */,
				30C5F1E015AF9E950052A00D /* CDVDevice.m in Sources */,
				EB80C2AD15DEA63D004D9E7B /* CDVEcho.m in Sources */,
				EB3B3548161CB44D003DBE7D /* CDVCommandQueue.m in Sources */,
				EB3B357D161F2A45003DBE7D /* CDVCommandDelegateImpl.m in Sources */,
				9D76CF3D1625A4C50008A0F6 /* CDVGlobalization.m in Sources */,
				3073E9EA1656D37700957977 /* CDVInAppBrowser.m in Sources */,
				F858FBC7166009A8007DA594 /* CDVConfigParser.m in Sources */,
				30F3930C169F839700B22307 /* CDVJSON.m in Sources */,
				EB96673C16A8970A00D86CDF /* CDVUserAgentUtil.m in Sources */,
				EBFF4DBC16D3FE2E008F452B /* CDVWebViewDelegate.m in Sources */,
				68B7516F16FD18190076A8B4 /* CDVJpegHeaderWriter.m in Sources */,
				7E14B5A91705050A0032169E /* CDVTimer.m in Sources */,
			);
			runOnlyForDeploymentPostprocessing = 0;
		};
/* End PBXSourcesBuildPhase section */

/* Begin XCBuildConfiguration section */
		1DEB921F08733DC00010E9CD /* Debug */ = {
			isa = XCBuildConfiguration;
			buildSettings = {
				ALWAYS_SEARCH_USER_PATHS = NO;
				"ARCHS[sdk=iphoneos*]" = armv7;
				"ARCHS[sdk=iphoneos6.*]" = (
					armv7,
					armv7s,
				);
				"ARCHS[sdk=iphonesimulator*]" = i386;
				CLANG_ENABLE_OBJC_ARC = YES;
				COPY_PHASE_STRIP = NO;
				DSTROOT = "/tmp/$(PROJECT_NAME).dst";
				GCC_DYNAMIC_NO_PIC = NO;
				GCC_MODEL_TUNING = G5;
				GCC_OPTIMIZATION_LEVEL = 0;
				GCC_PRECOMPILE_PREFIX_HEADER = YES;
				GCC_PREFIX_HEADER = CordovaLib_Prefix.pch;
				GCC_PREPROCESSOR_DEFINITIONS = "";
				GCC_THUMB_SUPPORT = NO;
				GCC_VERSION = com.apple.compilers.llvm.clang.1_0;
				INSTALL_PATH = /usr/local/lib;
				IPHONEOS_DEPLOYMENT_TARGET = 5.0;
				PRODUCT_NAME = Cordova;
				PUBLIC_HEADERS_FOLDER_PATH = include/Cordova;
				SKIP_INSTALL = YES;
			};
			name = Debug;
		};
		1DEB922008733DC00010E9CD /* Release */ = {
			isa = XCBuildConfiguration;
			buildSettings = {
				ALWAYS_SEARCH_USER_PATHS = NO;
				"ARCHS[sdk=iphoneos*]" = armv7;
				"ARCHS[sdk=iphoneos6.*]" = (
					armv7,
					armv7s,
				);
				"ARCHS[sdk=iphonesimulator*]" = i386;
				CLANG_ENABLE_OBJC_ARC = YES;
				DSTROOT = "/tmp/$(PROJECT_NAME).dst";
				GCC_MODEL_TUNING = G5;
				GCC_PRECOMPILE_PREFIX_HEADER = YES;
				GCC_PREFIX_HEADER = CordovaLib_Prefix.pch;
				GCC_PREPROCESSOR_DEFINITIONS = "";
				GCC_THUMB_SUPPORT = NO;
				GCC_VERSION = com.apple.compilers.llvm.clang.1_0;
				INSTALL_PATH = /usr/local/lib;
				IPHONEOS_DEPLOYMENT_TARGET = 5.0;
				PRODUCT_NAME = Cordova;
				PUBLIC_HEADERS_FOLDER_PATH = include/Cordova;
				SKIP_INSTALL = YES;
			};
			name = Release;
		};
		1DEB922308733DC00010E9CD /* Debug */ = {
			isa = XCBuildConfiguration;
			buildSettings = {
				"ARCHS[sdk=iphoneos*]" = armv7;
				"ARCHS[sdk=iphoneos6.*]" = (
					armv7,
					armv7s,
				);
				"ARCHS[sdk=iphonesimulator*]" = i386;
				CLANG_WARN_CONSTANT_CONVERSION = YES;
				CLANG_WARN_ENUM_CONVERSION = YES;
				CLANG_WARN_INT_CONVERSION = YES;
				CLANG_WARN__DUPLICATE_METHOD_MATCH = YES;
				GCC_C_LANGUAGE_STANDARD = c99;
				GCC_OPTIMIZATION_LEVEL = 0;
				GCC_PREPROCESSOR_DEFINITIONS = "";
				GCC_THUMB_SUPPORT = NO;
				GCC_VERSION = com.apple.compilers.llvm.clang.1_0;
				GCC_WARN_ABOUT_RETURN_TYPE = YES;
				GCC_WARN_UNINITIALIZED_AUTOS = YES;
				GCC_WARN_UNUSED_VARIABLE = YES;
				IPHONEOS_DEPLOYMENT_TARGET = 4.3;
				ONLY_ACTIVE_ARCH = NO;
				OTHER_CFLAGS = "-DDEBUG";
				PUBLIC_HEADERS_FOLDER_PATH = include/Cordova;
				SDKROOT = iphoneos;
				SKIP_INSTALL = YES;
				TARGETED_DEVICE_FAMILY = "1,2";
				USER_HEADER_SEARCH_PATHS = "";
				VALID_ARCHS = "i386 armv7 armv7s";
			};
			name = Debug;
		};
		1DEB922408733DC00010E9CD /* Release */ = {
			isa = XCBuildConfiguration;
			buildSettings = {
				"ARCHS[sdk=iphoneos*]" = armv7;
				"ARCHS[sdk=iphoneos6.*]" = (
					armv7,
					armv7s,
				);
				"ARCHS[sdk=iphonesimulator*]" = i386;
				CLANG_WARN_CONSTANT_CONVERSION = YES;
				CLANG_WARN_ENUM_CONVERSION = YES;
				CLANG_WARN_INT_CONVERSION = YES;
				CLANG_WARN__DUPLICATE_METHOD_MATCH = YES;
				GCC_C_LANGUAGE_STANDARD = c99;
				GCC_PREPROCESSOR_DEFINITIONS = "";
				GCC_THUMB_SUPPORT = NO;
				GCC_VERSION = com.apple.compilers.llvm.clang.1_0;
				GCC_WARN_ABOUT_RETURN_TYPE = YES;
				GCC_WARN_UNINITIALIZED_AUTOS = YES;
				GCC_WARN_UNUSED_VARIABLE = YES;
				IPHONEOS_DEPLOYMENT_TARGET = 4.3;
				ONLY_ACTIVE_ARCH = NO;
				PUBLIC_HEADERS_FOLDER_PATH = include/Cordova;
				SDKROOT = iphoneos;
				SKIP_INSTALL = YES;
				TARGETED_DEVICE_FAMILY = "1,2";
				VALID_ARCHS = "i386 armv7 armv7s";
			};
			name = Release;
		};
/* End XCBuildConfiguration section */

/* Begin XCConfigurationList section */
		1DEB921E08733DC00010E9CD /* Build configuration list for PBXNativeTarget "CordovaLib" */ = {
			isa = XCConfigurationList;
			buildConfigurations = (
				1DEB921F08733DC00010E9CD /* Debug */,
				1DEB922008733DC00010E9CD /* Release */,
			);
			defaultConfigurationIsVisible = 0;
			defaultConfigurationName = Release;
		};
		1DEB922208733DC00010E9CD /* Build configuration list for PBXProject "CordovaLib" */ = {
			isa = XCConfigurationList;
			buildConfigurations = (
				1DEB922308733DC00010E9CD /* Debug */,
				1DEB922408733DC00010E9CD /* Release */,
			);
			defaultConfigurationIsVisible = 0;
			defaultConfigurationName = Release;
		};
/* End XCConfigurationList section */
	};
	rootObject = 0867D690FE84028FC02AAC07 /* Project object */;
}
